// !$*UTF8*$!
{
	archiveVersion = 1;
	classes = {
	};
	objectVersion = 46;
	objects = {

/* Begin PBXBuildFile section */
		C61834771249BCB500D98D12 /* CDMURLFetcher.m in Sources */ = {isa = PBXBuildFile; fileRef = C61834751249BCB500D98D12 /* CDMURLFetcher.m */; };
		C626D040128A0AD100E9B72B /* CDMSecs2MinTransformer.m in Sources */ = {isa = PBXBuildFile; fileRef = C626D03F128A0AD100E9B72B /* CDMSecs2MinTransformer.m */; };
		C6486E4C1237F67100C6E29F /* Cocoa.framework in Frameworks */ = {isa = PBXBuildFile; fileRef = C6486E4B1237F67100C6E29F /* Cocoa.framework */; };
		C6486E511237F67100C6E29F /* InfoPlist.strings in Resources */ = {isa = PBXBuildFile; fileRef = C6486E4F1237F67100C6E29F /* InfoPlist.strings */; };
		C6486E531237F67100C6E29F /* main.m in Sources */ = {isa = PBXBuildFile; fileRef = C6486E521237F67100C6E29F /* main.m */; };
		C6486E561237F67100C6E29F /* MainMenu.xib in Resources */ = {isa = PBXBuildFile; fileRef = C6486E541237F67100C6E29F /* MainMenu.xib */; };
		C6486E591237F67100C6E29F /* Credits.rtf in Resources */ = {isa = PBXBuildFile; fileRef = C6486E571237F67100C6E29F /* Credits.rtf */; };
		C6486E5C1237F67100C6E29F /* RunLogAppDelegate.m in Sources */ = {isa = PBXBuildFile; fileRef = C6486E5B1237F67100C6E29F /* RunLogAppDelegate.m */; };
		C6486E5E1237F67100C6E29F /* RunLogDataModel.xcdatamodel in Sources */ = {isa = PBXBuildFile; fileRef = C6486E5D1237F67100C6E29F /* RunLogDataModel.xcdatamodel */; };
		C6486E681237F83700C6E29F /* NikePlus.icns in Resources */ = {isa = PBXBuildFile; fileRef = C6486E671237F83700C6E29F /* NikePlus.icns */; };
		C6486E761238031500C6E29F /* CDMXML.m in Sources */ = {isa = PBXBuildFile; fileRef = C6486E751238031500C6E29F /* CDMXML.m */; };
		C6486E821238583900C6E29F /* QuartzCore.framework in Frameworks */ = {isa = PBXBuildFile; fileRef = C6486E811238583900C6E29F /* QuartzCore.framework */; };
		C6486E861238598000C6E29F /* CDMRunData.m in Sources */ = {isa = PBXBuildFile; fileRef = C6486E841238598000C6E29F /* CDMRunData.m */; };
		C64D4989128320C3008BFD10 /* CDMCorePlot.m in Sources */ = {isa = PBXBuildFile; fileRef = C64D4988128320C3008BFD10 /* CDMCorePlot.m */; };
		C64D498C12832521008BFD10 /* CDMNikeSyncer.m in Sources */ = {isa = PBXBuildFile; fileRef = C64D498B12832521008BFD10 /* CDMNikeSyncer.m */; };
		C675F419128C7E9C0084206D /* CDMPlotLegendCell.m in Sources */ = {isa = PBXBuildFile; fileRef = C675F418128C7E9C0084206D /* CDMPlotLegendCell.m */; };
		C6CB3ED01283CB0900C918A4 /* CDMDateTime.m in Sources */ = {isa = PBXBuildFile; fileRef = C6CB3ECF1283CB0900C918A4 /* CDMDateTime.m */; };
		C6DA04741275F3E8006D5918 /* CDMArray.m in Sources */ = {isa = PBXBuildFile; fileRef = C6DA04731275F3E8006D5918 /* CDMArray.m */; };
		C6DA04771275FF2E006D5918 /* CDMNumericLists.m in Sources */ = {isa = PBXBuildFile; fileRef = C6DA04761275FF2E006D5918 /* CDMNumericLists.m */; };
		C6DC13AE128CCFD200C4B1DB /* CorePlot.framework in Frameworks */ = {isa = PBXBuildFile; fileRef = C6DC13A6128CCF1300C4B1DB /* CorePlot.framework */; };
		C6DC13E6128CCFF100C4B1DB /* CorePlot.framework in CopyFiles */ = {isa = PBXBuildFile; fileRef = C6DC13A6128CCF1300C4B1DB /* CorePlot.framework */; };
/* End PBXBuildFile section */

/* Begin PBXContainerItemProxy section */
		C6DC13A5128CCF1300C4B1DB /* PBXContainerItemProxy */ = {
			isa = PBXContainerItemProxy;
			containerPortal = C6DC139C128CCF1300C4B1DB /* CorePlot.xcodeproj */;
			proxyType = 2;
			remoteGlobalIDString = 8DC2EF5B0486A6940098B216;
			remoteInfo = CorePlot;
		};
		C6DC13A7128CCF1300C4B1DB /* PBXContainerItemProxy */ = {
			isa = PBXContainerItemProxy;
			containerPortal = C6DC139C128CCF1300C4B1DB /* CorePlot.xcodeproj */;
			proxyType = 2;
			remoteGlobalIDString = 0730F600109492D800E95162;
			remoteInfo = UnitTests;
		};
		C6DC13A9128CCF3A00C4B1DB /* PBXContainerItemProxy */ = {
			isa = PBXContainerItemProxy;
			containerPortal = C6DC139C128CCF1300C4B1DB /* CorePlot.xcodeproj */;
			proxyType = 1;
			remoteGlobalIDString = 8DC2EF4F0486A6940098B216;
			remoteInfo = CorePlot;
		};
/* End PBXContainerItemProxy section */

/* Begin PBXCopyFilesBuildPhase section */
		C6486E7E1238229500C6E29F /* CopyFiles */ = {
			isa = PBXCopyFilesBuildPhase;
			buildActionMask = 2147483647;
			dstPath = "";
			dstSubfolderSpec = 10;
			files = (
				C6DC13E6128CCFF100C4B1DB /* CorePlot.framework in CopyFiles */,
			);
			runOnlyForDeploymentPostprocessing = 0;
		};
/* End PBXCopyFilesBuildPhase section */

/* Begin PBXFileReference section */
		C61834741249BCB500D98D12 /* CDMURLFetcher.h */ = {isa = PBXFileReference; fileEncoding = 4; lastKnownFileType = sourcecode.c.h; path = CDMURLFetcher.h; sourceTree = "<group>"; };
		C61834751249BCB500D98D12 /* CDMURLFetcher.m */ = {isa = PBXFileReference; fileEncoding = 4; lastKnownFileType = sourcecode.c.objc; path = CDMURLFetcher.m; sourceTree = "<group>"; };
		C626D03E128A0AD100E9B72B /* CDMSecs2MinTransformer.h */ = {isa = PBXFileReference; fileEncoding = 4; lastKnownFileType = sourcecode.c.h; path = CDMSecs2MinTransformer.h; sourceTree = "<group>"; };
		C626D03F128A0AD100E9B72B /* CDMSecs2MinTransformer.m */ = {isa = PBXFileReference; fileEncoding = 4; lastKnownFileType = sourcecode.c.objc; path = CDMSecs2MinTransformer.m; sourceTree = "<group>"; };
		C626D041128A19FE00E9B72B /* CDMNikeRunAccessors.h */ = {isa = PBXFileReference; fileEncoding = 4; lastKnownFileType = sourcecode.c.h; path = CDMNikeRunAccessors.h; sourceTree = "<group>"; };
		C6486E481237F67100C6E29F /* RunLog.app */ = {isa = PBXFileReference; explicitFileType = wrapper.application; includeInIndex = 0; path = RunLog.app; sourceTree = BUILT_PRODUCTS_DIR; };
		C6486E4B1237F67100C6E29F /* Cocoa.framework */ = {isa = PBXFileReference; lastKnownFileType = wrapper.framework; name = Cocoa.framework; path = System/Library/Frameworks/Cocoa.framework; sourceTree = SDKROOT; };
		C6486E4D1237F67100C6E29F /* RunLog-Info.plist */ = {isa = PBXFileReference; lastKnownFileType = text.plist.xml; path = "RunLog-Info.plist"; sourceTree = "<group>"; };
		C6486E4E1237F67100C6E29F /* RunLog_Prefix.pch */ = {isa = PBXFileReference; lastKnownFileType = sourcecode.c.h; path = RunLog_Prefix.pch; sourceTree = "<group>"; };
		C6486E501237F67100C6E29F /* en */ = {isa = PBXFileReference; lastKnownFileType = text.plist.strings; name = en; path = en.lproj/InfoPlist.strings; sourceTree = "<group>"; };
		C6486E521237F67100C6E29F /* main.m */ = {isa = PBXFileReference; lastKnownFileType = sourcecode.c.objc; path = main.m; sourceTree = "<group>"; };
		C6486E551237F67100C6E29F /* en */ = {isa = PBXFileReference; lastKnownFileType = file.xib; name = en; path = en.lproj/MainMenu.xib; sourceTree = "<group>"; };
		C6486E581237F67100C6E29F /* en */ = {isa = PBXFileReference; lastKnownFileType = text.rtf; name = en; path = en.lproj/Credits.rtf; sourceTree = "<group>"; };
		C6486E5A1237F67100C6E29F /* RunLogAppDelegate.h */ = {isa = PBXFileReference; lastKnownFileType = sourcecode.c.h; path = RunLogAppDelegate.h; sourceTree = "<group>"; };
		C6486E5B1237F67100C6E29F /* RunLogAppDelegate.m */ = {isa = PBXFileReference; lastKnownFileType = sourcecode.c.objc; path = RunLogAppDelegate.m; sourceTree = "<group>"; };
		C6486E5D1237F67100C6E29F /* RunLogDataModel.xcdatamodel */ = {isa = PBXFileReference; lastKnownFileType = wrapper.xcdatamodel; path = RunLogDataModel.xcdatamodel; sourceTree = "<group>"; };
		C6486E671237F83700C6E29F /* NikePlus.icns */ = {isa = PBXFileReference; lastKnownFileType = image.icns; path = NikePlus.icns; sourceTree = "<group>"; };
		C6486E741238031500C6E29F /* CDMXML.h */ = {isa = PBXFileReference; fileEncoding = 4; lastKnownFileType = sourcecode.c.h; path = CDMXML.h; sourceTree = "<group>"; };
		C6486E751238031500C6E29F /* CDMXML.m */ = {isa = PBXFileReference; fileEncoding = 4; lastKnownFileType = sourcecode.c.objc; path = CDMXML.m; sourceTree = "<group>"; };
		C6486E811238583900C6E29F /* QuartzCore.framework */ = {isa = PBXFileReference; lastKnownFileType = wrapper.framework; name = QuartzCore.framework; path = System/Library/Frameworks/QuartzCore.framework; sourceTree = SDKROOT; };
		C6486E831238598000C6E29F /* CDMRunData.h */ = {isa = PBXFileReference; fileEncoding = 4; lastKnownFileType = sourcecode.c.h; path = CDMRunData.h; sourceTree = "<group>"; };
		C6486E841238598000C6E29F /* CDMRunData.m */ = {isa = PBXFileReference; fileEncoding = 4; lastKnownFileType = sourcecode.c.objc; path = CDMRunData.m; sourceTree = "<group>"; };
		C64D4987128320C3008BFD10 /* CDMCorePlot.h */ = {isa = PBXFileReference; fileEncoding = 4; lastKnownFileType = sourcecode.c.h; path = CDMCorePlot.h; sourceTree = "<group>"; };
		C64D4988128320C3008BFD10 /* CDMCorePlot.m */ = {isa = PBXFileReference; fileEncoding = 4; lastKnownFileType = sourcecode.c.objc; path = CDMCorePlot.m; sourceTree = "<group>"; };
		C64D498A12832521008BFD10 /* CDMNikeSyncer.h */ = {isa = PBXFileReference; fileEncoding = 4; lastKnownFileType = sourcecode.c.h; path = CDMNikeSyncer.h; sourceTree = "<group>"; };
		C64D498B12832521008BFD10 /* CDMNikeSyncer.m */ = {isa = PBXFileReference; fileEncoding = 4; lastKnownFileType = sourcecode.c.objc; path = CDMNikeSyncer.m; sourceTree = "<group>"; };
		C675F417128C7E9C0084206D /* CDMPlotLegendCell.h */ = {isa = PBXFileReference; fileEncoding = 4; lastKnownFileType = sourcecode.c.h; path = CDMPlotLegendCell.h; sourceTree = "<group>"; };
		C675F418128C7E9C0084206D /* CDMPlotLegendCell.m */ = {isa = PBXFileReference; fileEncoding = 4; lastKnownFileType = sourcecode.c.objc; path = CDMPlotLegendCell.m; sourceTree = "<group>"; };
		C6CB3ECE1283CB0900C918A4 /* CDMDateTime.h */ = {isa = PBXFileReference; fileEncoding = 4; lastKnownFileType = sourcecode.c.h; path = CDMDateTime.h; sourceTree = "<group>"; };
		C6CB3ECF1283CB0900C918A4 /* CDMDateTime.m */ = {isa = PBXFileReference; fileEncoding = 4; lastKnownFileType = sourcecode.c.objc; path = CDMDateTime.m; sourceTree = "<group>"; };
		C6DA04721275F3E8006D5918 /* CDMArray.h */ = {isa = PBXFileReference; fileEncoding = 4; lastKnownFileType = sourcecode.c.h; path = CDMArray.h; sourceTree = "<group>"; };
		C6DA04731275F3E8006D5918 /* CDMArray.m */ = {isa = PBXFileReference; fileEncoding = 4; lastKnownFileType = sourcecode.c.objc; path = CDMArray.m; sourceTree = "<group>"; };
		C6DA04751275FF2E006D5918 /* CDMNumericLists.h */ = {isa = PBXFileReference; fileEncoding = 4; lastKnownFileType = sourcecode.c.h; path = CDMNumericLists.h; sourceTree = "<group>"; };
		C6DA04761275FF2E006D5918 /* CDMNumericLists.m */ = {isa = PBXFileReference; fileEncoding = 4; lastKnownFileType = sourcecode.c.objc; path = CDMNumericLists.m; sourceTree = "<group>"; };
		C6DC139C128CCF1300C4B1DB /* CorePlot.xcodeproj */ = {isa = PBXFileReference; lastKnownFileType = "wrapper.pb-project"; name = CorePlot.xcodeproj; path = ../../coreplot/Source/framework/CorePlot.xcodeproj; sourceTree = SOURCE_ROOT; };
/* End PBXFileReference section */

/* Begin PBXFrameworksBuildPhase section */
		C6486E451237F67100C6E29F /* Frameworks */ = {
			isa = PBXFrameworksBuildPhase;
			buildActionMask = 2147483647;
			files = (
				C6DC13AE128CCFD200C4B1DB /* CorePlot.framework in Frameworks */,
				C6486E4C1237F67100C6E29F /* Cocoa.framework in Frameworks */,
				C6486E821238583900C6E29F /* QuartzCore.framework in Frameworks */,
			);
			runOnlyForDeploymentPostprocessing = 0;
		};
/* End PBXFrameworksBuildPhase section */

/* Begin PBXGroup section */
		C6486E381237F67100C6E29F = {
			isa = PBXGroup;
			children = (
				C6DC139C128CCF1300C4B1DB /* CorePlot.xcodeproj */,
				C6486E671237F83700C6E29F /* NikePlus.icns */,
				C6486E3F1237F67100C6E29F /* Models */,
				C6486E401237F67100C6E29F /* Classes */,
				C6486E411237F67100C6E29F /* Other Sources */,
				C6486E421237F67100C6E29F /* Resources */,
				C6486E431237F67100C6E29F /* Frameworks */,
				C6486E491237F67100C6E29F /* Products */,
			);
			sourceTree = "<group>";
		};
		C6486E3F1237F67100C6E29F /* Models */ = {
			isa = PBXGroup;
			children = (
				C6486E5D1237F67100C6E29F /* RunLogDataModel.xcdatamodel */,
			);
			name = Models;
			sourceTree = "<group>";
		};
		C6486E401237F67100C6E29F /* Classes */ = {
			isa = PBXGroup;
			children = (
				C675F417128C7E9C0084206D /* CDMPlotLegendCell.h */,
				C675F418128C7E9C0084206D /* CDMPlotLegendCell.m */,
				C626D041128A19FE00E9B72B /* CDMNikeRunAccessors.h */,
				C626D03E128A0AD100E9B72B /* CDMSecs2MinTransformer.h */,
				C626D03F128A0AD100E9B72B /* CDMSecs2MinTransformer.m */,
				C64D498A12832521008BFD10 /* CDMNikeSyncer.h */,
				C64D498B12832521008BFD10 /* CDMNikeSyncer.m */,
				C6DA04721275F3E8006D5918 /* CDMArray.h */,
				C6DA04731275F3E8006D5918 /* CDMArray.m */,
				C61834741249BCB500D98D12 /* CDMURLFetcher.h */,
				C61834751249BCB500D98D12 /* CDMURLFetcher.m */,
				C6486E831238598000C6E29F /* CDMRunData.h */,
				C6486E841238598000C6E29F /* CDMRunData.m */,
				C6486E741238031500C6E29F /* CDMXML.h */,
				C6486E751238031500C6E29F /* CDMXML.m */,
				C6486E5A1237F67100C6E29F /* RunLogAppDelegate.h */,
				C6486E5B1237F67100C6E29F /* RunLogAppDelegate.m */,
			);
			path = Classes;
			sourceTree = "<group>";
		};
		C6486E411237F67100C6E29F /* Other Sources */ = {
			isa = PBXGroup;
			children = (
				C6CB3ECE1283CB0900C918A4 /* CDMDateTime.h */,
				C6CB3ECF1283CB0900C918A4 /* CDMDateTime.m */,
				C64D4987128320C3008BFD10 /* CDMCorePlot.h */,
				C64D4988128320C3008BFD10 /* CDMCorePlot.m */,
				C6DA04751275FF2E006D5918 /* CDMNumericLists.h */,
				C6DA04761275FF2E006D5918 /* CDMNumericLists.m */,
				C6486E4E1237F67100C6E29F /* RunLog_Prefix.pch */,
				C6486E521237F67100C6E29F /* main.m */,
			);
			name = "Other Sources";
			sourceTree = "<group>";
		};
		C6486E421237F67100C6E29F /* Resources */ = {
			isa = PBXGroup;
			children = (
				C6486E4D1237F67100C6E29F /* RunLog-Info.plist */,
				C6486E4F1237F67100C6E29F /* InfoPlist.strings */,
				C6486E541237F67100C6E29F /* MainMenu.xib */,
				C6486E571237F67100C6E29F /* Credits.rtf */,
			);
			name = Resources;
			sourceTree = "<group>";
		};
		C6486E431237F67100C6E29F /* Frameworks */ = {
			isa = PBXGroup;
			children = (
				C6486E811238583900C6E29F /* QuartzCore.framework */,
				C6486E4B1237F67100C6E29F /* Cocoa.framework */,
			);
			name = Frameworks;
			sourceTree = "<group>";
		};
		C6486E491237F67100C6E29F /* Products */ = {
			isa = PBXGroup;
			children = (
				C6486E481237F67100C6E29F /* RunLog.app */,
			);
			name = Products;
			sourceTree = "<group>";
		};
		C6DC139D128CCF1300C4B1DB /* Products */ = {
			isa = PBXGroup;
			children = (
				C6DC13A6128CCF1300C4B1DB /* CorePlot.framework */,
				C6DC13A8128CCF1300C4B1DB /* UnitTests.octest */,
			);
			name = Products;
			sourceTree = "<group>";
		};
/* End PBXGroup section */

/* Begin PBXNativeTarget section */
		C6486E471237F67100C6E29F /* RunLog */ = {
			isa = PBXNativeTarget;
			buildConfigurationList = C6486E611237F67100C6E29F /* Build configuration list for PBXNativeTarget "RunLog" */;
			buildPhases = (
				C6486E441237F67100C6E29F /* Sources */,
				C6486E451237F67100C6E29F /* Frameworks */,
				C6486E461237F67100C6E29F /* Resources */,
				C6486E7E1238229500C6E29F /* CopyFiles */,
			);
			buildRules = (
			);
			dependencies = (
				C6DC13AA128CCF3A00C4B1DB /* PBXTargetDependency */,
			);
			name = RunLog;
			productName = RunLog;
			productReference = C6486E481237F67100C6E29F /* RunLog.app */;
			productType = "com.apple.product-type.application";
		};
/* End PBXNativeTarget section */

/* Begin PBXProject section */
		C6486E3A1237F67100C6E29F /* Project object */ = {
			isa = PBXProject;
			attributes = {
				ORGANIZATIONNAME = codemanic;
			};
			buildConfigurationList = C6486E3D1237F67100C6E29F /* Build configuration list for PBXProject "RunLog" */;
			compatibilityVersion = "Xcode 3.2";
			developmentRegion = English;
			hasScannedForEncodings = 0;
			knownRegions = (
				en,
			);
			mainGroup = C6486E381237F67100C6E29F;
			productRefGroup = C6486E491237F67100C6E29F /* Products */;
			projectDirPath = "";
			projectReferences = (
				{
					ProductGroup = C6DC139D128CCF1300C4B1DB /* Products */;
					ProjectRef = C6DC139C128CCF1300C4B1DB /* CorePlot.xcodeproj */;
				},
			);
			projectRoot = "";
			targets = (
				C6486E471237F67100C6E29F /* RunLog */,
			);
		};
/* End PBXProject section */

/* Begin PBXReferenceProxy section */
		C6DC13A6128CCF1300C4B1DB /* CorePlot.framework */ = {
			isa = PBXReferenceProxy;
			fileType = wrapper.framework;
			path = CorePlot.framework;
			remoteRef = C6DC13A5128CCF1300C4B1DB /* PBXContainerItemProxy */;
			sourceTree = BUILT_PRODUCTS_DIR;
		};
		C6DC13A8128CCF1300C4B1DB /* UnitTests.octest */ = {
			isa = PBXReferenceProxy;
			fileType = wrapper.cfbundle;
			path = UnitTests.octest;
			remoteRef = C6DC13A7128CCF1300C4B1DB /* PBXContainerItemProxy */;
			sourceTree = BUILT_PRODUCTS_DIR;
		};
/* End PBXReferenceProxy section */

/* Begin PBXResourcesBuildPhase section */
		C6486E461237F67100C6E29F /* Resources */ = {
			isa = PBXResourcesBuildPhase;
			buildActionMask = 2147483647;
			files = (
				C6486E511237F67100C6E29F /* InfoPlist.strings in Resources */,
				C6486E561237F67100C6E29F /* MainMenu.xib in Resources */,
				C6486E591237F67100C6E29F /* Credits.rtf in Resources */,
				C6486E681237F83700C6E29F /* NikePlus.icns in Resources */,
			);
			runOnlyForDeploymentPostprocessing = 0;
		};
/* End PBXResourcesBuildPhase section */

/* Begin PBXSourcesBuildPhase section */
		C6486E441237F67100C6E29F /* Sources */ = {
			isa = PBXSourcesBuildPhase;
			buildActionMask = 2147483647;
			files = (
				C6486E531237F67100C6E29F /* main.m in Sources */,
				C6486E5C1237F67100C6E29F /* RunLogAppDelegate.m in Sources */,
				C6486E5E1237F67100C6E29F /* RunLogDataModel.xcdatamodel in Sources */,
				C6486E761238031500C6E29F /* CDMXML.m in Sources */,
				C6486E861238598000C6E29F /* CDMRunData.m in Sources */,
				C61834771249BCB500D98D12 /* CDMURLFetcher.m in Sources */,
				C6DA04741275F3E8006D5918 /* CDMArray.m in Sources */,
				C6DA04771275FF2E006D5918 /* CDMNumericLists.m in Sources */,
				C64D4989128320C3008BFD10 /* CDMCorePlot.m in Sources */,
				C64D498C12832521008BFD10 /* CDMNikeSyncer.m in Sources */,
				C6CB3ED01283CB0900C918A4 /* CDMDateTime.m in Sources */,
				C626D040128A0AD100E9B72B /* CDMSecs2MinTransformer.m in Sources */,
				C675F419128C7E9C0084206D /* CDMPlotLegendCell.m in Sources */,
			);
			runOnlyForDeploymentPostprocessing = 0;
		};
/* End PBXSourcesBuildPhase section */

/* Begin PBXTargetDependency section */
		C6DC13AA128CCF3A00C4B1DB /* PBXTargetDependency */ = {
			isa = PBXTargetDependency;
			name = CorePlot;
			targetProxy = C6DC13A9128CCF3A00C4B1DB /* PBXContainerItemProxy */;
		};
/* End PBXTargetDependency section */

/* Begin PBXVariantGroup section */
		C6486E4F1237F67100C6E29F /* InfoPlist.strings */ = {
			isa = PBXVariantGroup;
			children = (
				C6486E501237F67100C6E29F /* en */,
			);
			name = InfoPlist.strings;
			sourceTree = "<group>";
		};
		C6486E541237F67100C6E29F /* MainMenu.xib */ = {
			isa = PBXVariantGroup;
			children = (
				C6486E551237F67100C6E29F /* en */,
			);
			name = MainMenu.xib;
			sourceTree = "<group>";
		};
		C6486E571237F67100C6E29F /* Credits.rtf */ = {
			isa = PBXVariantGroup;
			children = (
				C6486E581237F67100C6E29F /* en */,
			);
			name = Credits.rtf;
			sourceTree = "<group>";
		};
/* End PBXVariantGroup section */

/* Begin XCBuildConfiguration section */
		C6486E5F1237F67100C6E29F /* Debug */ = {
			isa = XCBuildConfiguration;
			buildSettings = {
				ARCHS = "$(ARCHS_STANDARD_32_64_BIT)";
				GCC_C_LANGUAGE_STANDARD = gnu99;
				GCC_OPTIMIZATION_LEVEL = 0;
				GCC_PREPROCESSOR_DEFINITIONS = DEBUG;
				GCC_VERSION = com.apple.compilers.llvm.clang.1_0;
				GCC_WARN_ABOUT_RETURN_TYPE = YES;
				GCC_WARN_UNUSED_VARIABLE = YES;
				MACOSX_DEPLOYMENT_TARGET = 10.6;
				ONLY_ACTIVE_ARCH = YES;
				PREBINDING = NO;
				SDKROOT = macosx10.6;
			};
			name = Debug;
		};
		C6486E601237F67100C6E29F /* Release */ = {
			isa = XCBuildConfiguration;
			buildSettings = {
				ARCHS = "$(ARCHS_STANDARD_32_64_BIT)";
				GCC_C_LANGUAGE_STANDARD = gnu99;
				GCC_VERSION = com.apple.compilers.llvm.clang.1_0;
				GCC_WARN_ABOUT_RETURN_TYPE = YES;
				GCC_WARN_UNUSED_VARIABLE = YES;
				MACOSX_DEPLOYMENT_TARGET = 10.6;
				PREBINDING = NO;
				SDKROOT = macosx10.6;
			};
			name = Release;
		};
		C6486E621237F67100C6E29F /* Debug */ = {
			isa = XCBuildConfiguration;
			buildSettings = {
				ALWAYS_SEARCH_USER_PATHS = NO;
				COPY_PHASE_STRIP = NO;
				FRAMEWORK_SEARCH_PATHS = (
					"$(inherited)",
					"\"$(SRCROOT)\"",
				);
				GCC_DYNAMIC_NO_PIC = NO;
				GCC_ENABLE_OBJC_EXCEPTIONS = YES;
				GCC_MODEL_TUNING = G5;
				GCC_PRECOMPILE_PREFIX_HEADER = YES;
				GCC_PREFIX_HEADER = RunLog_Prefix.pch;
				INFOPLIST_FILE = "RunLog-Info.plist";
				INSTALL_PATH = "$(HOME)/Applications";
				PRODUCT_NAME = RunLog;
				WRAPPER_EXTENSION = app;
			};
			name = Debug;
		};
		C6486E631237F67100C6E29F /* Release */ = {
			isa = XCBuildConfiguration;
			buildSettings = {
				ALWAYS_SEARCH_USER_PATHS = NO;
				COPY_PHASE_STRIP = YES;
				DEBUG_INFORMATION_FORMAT = "dwarf-with-dsym";
				FRAMEWORK_SEARCH_PATHS = (
					"$(inherited)",
					"\"$(SRCROOT)\"",
				);
				GCC_ENABLE_OBJC_EXCEPTIONS = YES;
				GCC_MODEL_TUNING = G5;
				GCC_PRECOMPILE_PREFIX_HEADER = YES;
				GCC_PREFIX_HEADER = RunLog_Prefix.pch;
				INFOPLIST_FILE = "RunLog-Info.plist";
				INSTALL_PATH = "$(HOME)/Applications";
				PRODUCT_NAME = RunLog;
				WRAPPER_EXTENSION = app;
			};
			name = Release;
		};
/* End XCBuildConfiguration section */

/* Begin XCConfigurationList section */
		C6486E3D1237F67100C6E29F /* Build configuration list for PBXProject "RunLog" */ = {
			isa = XCConfigurationList;
			buildConfigurations = (
				C6486E5F1237F67100C6E29F /* Debug */,
				C6486E601237F67100C6E29F /* Release */,
			);
			defaultConfigurationIsVisible = 0;
			defaultConfigurationName = Release;
		};
		C6486E611237F67100C6E29F /* Build configuration list for PBXNativeTarget "RunLog" */ = {
			isa = XCConfigurationList;
			buildConfigurations = (
				C6486E621237F67100C6E29F /* Debug */,
				C6486E631237F67100C6E29F /* Release */,
			);
			defaultConfigurationIsVisible = 0;
			defaultConfigurationName = Release;
		};
/* End XCConfigurationList section */
	};
	rootObject = C6486E3A1237F67100C6E29F /* Project object */;
}
