// !$*UTF8*$!
{
	archiveVersion = 1;
	classes = {
	};
	objectVersion = 46;
	objects = {

/* Begin PBXBuildFile section */
		C6020ACC129B005C0071D724 /* Security.framework in Frameworks */ = {isa = PBXBuildFile; fileRef = C6020ACB129B005C0071D724 /* Security.framework */; };
		C6486E4C1237F67100C6E29F /* Cocoa.framework in Frameworks */ = {isa = PBXBuildFile; fileRef = C6486E4B1237F67100C6E29F /* Cocoa.framework */; };
		C6486E511237F67100C6E29F /* InfoPlist.strings in Resources */ = {isa = PBXBuildFile; fileRef = C6486E4F1237F67100C6E29F /* InfoPlist.strings */; };
		C6486E561237F67100C6E29F /* MainMenu.xib in Resources */ = {isa = PBXBuildFile; fileRef = C6486E541237F67100C6E29F /* MainMenu.xib */; };
		C6486E591237F67100C6E29F /* Credits.rtf in Resources */ = {isa = PBXBuildFile; fileRef = C6486E571237F67100C6E29F /* Credits.rtf */; };
		C6486E5E1237F67100C6E29F /* RunLogDataModel.xcdatamodel in Sources */ = {isa = PBXBuildFile; fileRef = C6486E5D1237F67100C6E29F /* RunLogDataModel.xcdatamodel */; };
		C6486E821238583900C6E29F /* QuartzCore.framework in Frameworks */ = {isa = PBXBuildFile; fileRef = C6486E811238583900C6E29F /* QuartzCore.framework */; };
		C669C2A3129B2DB200AE012A /* tweet.txt in Resources */ = {isa = PBXBuildFile; fileRef = C669C2A1129B2DB200AE012A /* tweet.txt */; };
		C694EABE128FAF1E0044E479 /* iSync.icns in Resources */ = {isa = PBXBuildFile; fileRef = C694EABD128FAF1E0044E479 /* iSync.icns */; };
		C6A9A9DB12C2BC040049320F /* libxml2.dylib in Frameworks */ = {isa = PBXBuildFile; fileRef = C6A9A9DA12C2BC040049320F /* libxml2.dylib */; };
		C6A9A9DD12C2BC0D0049320F /* libicucore.dylib in Frameworks */ = {isa = PBXBuildFile; fileRef = C6A9A9DC12C2BC0D0049320F /* libicucore.dylib */; };
		C6AF495712C2CD5C00C98A9E /* CorePlot.framework in Frameworks */ = {isa = PBXBuildFile; fileRef = C6AF495512C2CD5C00C98A9E /* CorePlot.framework */; };
		C6AF495812C2CD5C00C98A9E /* ParseKit.framework in Frameworks */ = {isa = PBXBuildFile; fileRef = C6AF495612C2CD5C00C98A9E /* ParseKit.framework */; };
		C6AF495912C2CEA400C98A9E /* CorePlot.framework in CopyFiles */ = {isa = PBXBuildFile; fileRef = C6AF495512C2CD5C00C98A9E /* CorePlot.framework */; };
		C6AF495A12C2CEA900C98A9E /* ParseKit.framework in CopyFiles */ = {isa = PBXBuildFile; fileRef = C6AF495612C2CD5C00C98A9E /* ParseKit.framework */; };
		C6BF93D212C2C06300DCB585 /* main.m in Sources */ = {isa = PBXBuildFile; fileRef = C6BF93D012C2C06300DCB585 /* main.m */; };
		C6BF956912C2C08000DCB585 /* NSMutableURLRequest+Parameters.m in Sources */ = {isa = PBXBuildFile; fileRef = C6BF946C12C2C07F00DCB585 /* NSMutableURLRequest+Parameters.m */; };
		C6BF956A12C2C08000DCB585 /* NSString+URLEncoding.m in Sources */ = {isa = PBXBuildFile; fileRef = C6BF946E12C2C07F00DCB585 /* NSString+URLEncoding.m */; };
		C6BF956B12C2C08000DCB585 /* NSURL+Base.m in Sources */ = {isa = PBXBuildFile; fileRef = C6BF947012C2C07F00DCB585 /* NSURL+Base.m */; };
		C6BF956C12C2C08000DCB585 /* Base64Transcoder.c in Sources */ = {isa = PBXBuildFile; fileRef = C6BF947212C2C07F00DCB585 /* Base64Transcoder.c */; };
		C6BF956D12C2C08000DCB585 /* OAAsynchronousDataFetcher.m in Sources */ = {isa = PBXBuildFile; fileRef = C6BF947512C2C07F00DCB585 /* OAAsynchronousDataFetcher.m */; };
		C6BF956E12C2C08000DCB585 /* OAConsumer.m in Sources */ = {isa = PBXBuildFile; fileRef = C6BF947712C2C07F00DCB585 /* OAConsumer.m */; };
		C6BF956F12C2C08000DCB585 /* OADataFetcher.m in Sources */ = {isa = PBXBuildFile; fileRef = C6BF947912C2C07F00DCB585 /* OADataFetcher.m */; };
		C6BF957012C2C08000DCB585 /* OAHMAC_SHA1SignatureProvider.m in Sources */ = {isa = PBXBuildFile; fileRef = C6BF947B12C2C07F00DCB585 /* OAHMAC_SHA1SignatureProvider.m */; };
		C6BF957112C2C08000DCB585 /* OAMutableURLRequest.m in Sources */ = {isa = PBXBuildFile; fileRef = C6BF947D12C2C07F00DCB585 /* OAMutableURLRequest.m */; };
		C6BF957212C2C08000DCB585 /* OAPlaintextSignatureProvider.m in Sources */ = {isa = PBXBuildFile; fileRef = C6BF947F12C2C07F00DCB585 /* OAPlaintextSignatureProvider.m */; };
		C6BF957312C2C08000DCB585 /* OARequestParameter.m in Sources */ = {isa = PBXBuildFile; fileRef = C6BF948112C2C07F00DCB585 /* OARequestParameter.m */; };
		C6BF957412C2C08000DCB585 /* OAServiceTicket.m in Sources */ = {isa = PBXBuildFile; fileRef = C6BF948312C2C07F00DCB585 /* OAServiceTicket.m */; };
		C6BF957512C2C08000DCB585 /* OAToken.m in Sources */ = {isa = PBXBuildFile; fileRef = C6BF948612C2C07F00DCB585 /* OAToken.m */; };
		C6BF957612C2C08000DCB585 /* OAToken_KeychainExtensions.m in Sources */ = {isa = PBXBuildFile; fileRef = C6BF948812C2C07F00DCB585 /* OAToken_KeychainExtensions.m */; };
		C6BF95AF12C2C08100DCB585 /* ICUTemplateMatcher.m in Sources */ = {isa = PBXBuildFile; fileRef = C6BF94CB12C2C07F00DCB585 /* ICUTemplateMatcher.m */; };
		C6BF95B012C2C08100DCB585 /* MGTemplateEngine.m in Sources */ = {isa = PBXBuildFile; fileRef = C6BF94CD12C2C07F00DCB585 /* MGTemplateEngine.m */; };
		C6BF95B112C2C08100DCB585 /* MGTemplateStandardFilters.m in Sources */ = {isa = PBXBuildFile; fileRef = C6BF94D112C2C07F00DCB585 /* MGTemplateStandardFilters.m */; };
		C6BF95B212C2C08100DCB585 /* MGTemplateStandardMarkers.m in Sources */ = {isa = PBXBuildFile; fileRef = C6BF94D312C2C07F00DCB585 /* MGTemplateStandardMarkers.m */; };
		C6BF95B312C2C08100DCB585 /* NSArray_DeepMutableCopy.m in Sources */ = {isa = PBXBuildFile; fileRef = C6BF94D512C2C07F00DCB585 /* NSArray_DeepMutableCopy.m */; };
		C6BF95B412C2C08100DCB585 /* NSDictionary_DeepMutableCopy.m in Sources */ = {isa = PBXBuildFile; fileRef = C6BF94D712C2C07F00DCB585 /* NSDictionary_DeepMutableCopy.m */; };
		C6BF95B512C2C08100DCB585 /* MGTwitterEngine.m in Sources */ = {isa = PBXBuildFile; fileRef = C6BF94DA12C2C07F00DCB585 /* MGTwitterEngine.m */; };
		C6BF95B612C2C08100DCB585 /* MGTwitterHTTPURLConnection.m in Sources */ = {isa = PBXBuildFile; fileRef = C6BF94DE12C2C07F00DCB585 /* MGTwitterHTTPURLConnection.m */; };
		C6BF95B712C2C08100DCB585 /* MGTwitterLibXMLParser.m in Sources */ = {isa = PBXBuildFile; fileRef = C6BF94E012C2C07F00DCB585 /* MGTwitterLibXMLParser.m */; };
		C6BF95B812C2C08100DCB585 /* MGTwitterMessagesLibXMLParser.m in Sources */ = {isa = PBXBuildFile; fileRef = C6BF94E212C2C07F00DCB585 /* MGTwitterMessagesLibXMLParser.m */; };
		C6BF95B912C2C08100DCB585 /* MGTwitterMessagesParser.m in Sources */ = {isa = PBXBuildFile; fileRef = C6BF94E412C2C07F00DCB585 /* MGTwitterMessagesParser.m */; };
		C6BF95BA12C2C08100DCB585 /* MGTwitterMessagesYAJLParser.m in Sources */ = {isa = PBXBuildFile; fileRef = C6BF94E612C2C07F00DCB585 /* MGTwitterMessagesYAJLParser.m */; };
		C6BF95BB12C2C08100DCB585 /* MGTwitterMiscLibXMLParser.m in Sources */ = {isa = PBXBuildFile; fileRef = C6BF94E812C2C07F00DCB585 /* MGTwitterMiscLibXMLParser.m */; };
		C6BF95BC12C2C08100DCB585 /* MGTwitterMiscParser.m in Sources */ = {isa = PBXBuildFile; fileRef = C6BF94EA12C2C07F00DCB585 /* MGTwitterMiscParser.m */; };
		C6BF95BD12C2C08100DCB585 /* MGTwitterMiscYAJLParser.m in Sources */ = {isa = PBXBuildFile; fileRef = C6BF94EC12C2C07F00DCB585 /* MGTwitterMiscYAJLParser.m */; };
		C6BF95BE12C2C08100DCB585 /* MGTwitterSearchYAJLParser.m in Sources */ = {isa = PBXBuildFile; fileRef = C6BF94F012C2C07F00DCB585 /* MGTwitterSearchYAJLParser.m */; };
		C6BF95BF12C2C08100DCB585 /* MGTwitterSocialGraphLibXMLParser.m in Sources */ = {isa = PBXBuildFile; fileRef = C6BF94F212C2C07F00DCB585 /* MGTwitterSocialGraphLibXMLParser.m */; };
		C6BF95C012C2C08100DCB585 /* MGTwitterSocialGraphParser.m in Sources */ = {isa = PBXBuildFile; fileRef = C6BF94F412C2C07F00DCB585 /* MGTwitterSocialGraphParser.m */; };
		C6BF95C112C2C08100DCB585 /* MGTwitterStatusesLibXMLParser.m in Sources */ = {isa = PBXBuildFile; fileRef = C6BF94F612C2C07F00DCB585 /* MGTwitterStatusesLibXMLParser.m */; };
		C6BF95C212C2C08100DCB585 /* MGTwitterStatusesParser.m in Sources */ = {isa = PBXBuildFile; fileRef = C6BF94F812C2C07F00DCB585 /* MGTwitterStatusesParser.m */; };
		C6BF95C312C2C08100DCB585 /* MGTwitterStatusesYAJLParser.m in Sources */ = {isa = PBXBuildFile; fileRef = C6BF94FA12C2C07F00DCB585 /* MGTwitterStatusesYAJLParser.m */; };
		C6BF95C512C2C08100DCB585 /* MGTwitterUserListsParser.m in Sources */ = {isa = PBXBuildFile; fileRef = C6BF94FE12C2C07F00DCB585 /* MGTwitterUserListsParser.m */; };
		C6BF95C612C2C08100DCB585 /* MGTwitterUsersLibXMLParser.m in Sources */ = {isa = PBXBuildFile; fileRef = C6BF950012C2C07F00DCB585 /* MGTwitterUsersLibXMLParser.m */; };
		C6BF95C712C2C08100DCB585 /* MGTwitterUsersParser.m in Sources */ = {isa = PBXBuildFile; fileRef = C6BF950212C2C07F00DCB585 /* MGTwitterUsersParser.m */; };
		C6BF95C812C2C08100DCB585 /* MGTwitterUsersYAJLParser.m in Sources */ = {isa = PBXBuildFile; fileRef = C6BF950412C2C07F00DCB585 /* MGTwitterUsersYAJLParser.m */; };
		C6BF95C912C2C08100DCB585 /* MGTwitterXMLParser.m in Sources */ = {isa = PBXBuildFile; fileRef = C6BF950612C2C07F00DCB585 /* MGTwitterXMLParser.m */; };
		C6BF95CA12C2C08100DCB585 /* MGTwitterYAJLParser.m in Sources */ = {isa = PBXBuildFile; fileRef = C6BF950812C2C07F00DCB585 /* MGTwitterYAJLParser.m */; };
		C6BF95CB12C2C08100DCB585 /* NSData+Base64.m in Sources */ = {isa = PBXBuildFile; fileRef = C6BF950A12C2C07F00DCB585 /* NSData+Base64.m */; };
		C6BF95CC12C2C08100DCB585 /* NSString+UUID.m in Sources */ = {isa = PBXBuildFile; fileRef = C6BF950C12C2C07F00DCB585 /* NSString+UUID.m */; };
		C6BF95CD12C2C08100DCB585 /* yajl.c in Sources */ = {isa = PBXBuildFile; fileRef = C6BF951212C2C07F00DCB585 /* yajl.c */; };
		C6BF95CE12C2C08100DCB585 /* yajl_alloc.c in Sources */ = {isa = PBXBuildFile; fileRef = C6BF951312C2C07F00DCB585 /* yajl_alloc.c */; };
		C6BF95CF12C2C08100DCB585 /* yajl_buf.c in Sources */ = {isa = PBXBuildFile; fileRef = C6BF951512C2C07F00DCB585 /* yajl_buf.c */; };
		C6BF95D012C2C08100DCB585 /* yajl_encode.c in Sources */ = {isa = PBXBuildFile; fileRef = C6BF951812C2C07F00DCB585 /* yajl_encode.c */; };
		C6BF95D112C2C08100DCB585 /* yajl_gen.c in Sources */ = {isa = PBXBuildFile; fileRef = C6BF951A12C2C07F00DCB585 /* yajl_gen.c */; };
		C6BF95D212C2C08200DCB585 /* yajl_lex.c in Sources */ = {isa = PBXBuildFile; fileRef = C6BF951B12C2C07F00DCB585 /* yajl_lex.c */; };
		C6BF95D312C2C08200DCB585 /* yajl_parser.c in Sources */ = {isa = PBXBuildFile; fileRef = C6BF951D12C2C07F00DCB585 /* yajl_parser.c */; };
		C6BF95D412C2C08200DCB585 /* yajl_version.c in Sources */ = {isa = PBXBuildFile; fileRef = C6BF951F12C2C07F00DCB585 /* yajl_version.c */; };
		C6BF95F312C2C09400DCB585 /* CDMArray.m in Sources */ = {isa = PBXBuildFile; fileRef = C6BF95D712C2C09400DCB585 /* CDMArray.m */; };
		C6BF95F412C2C09400DCB585 /* CDMCorePlot.m in Sources */ = {isa = PBXBuildFile; fileRef = C6BF95D912C2C09400DCB585 /* CDMCorePlot.m */; };
		C6BF95F512C2C09400DCB585 /* CDMDateTime.m in Sources */ = {isa = PBXBuildFile; fileRef = C6BF95DB12C2C09400DCB585 /* CDMDateTime.m */; };
		C6BF95F612C2C09400DCB585 /* CDMNikeSyncer.m in Sources */ = {isa = PBXBuildFile; fileRef = C6BF95DE12C2C09400DCB585 /* CDMNikeSyncer.m */; };
		C6BF95F712C2C09400DCB585 /* CDMNumericLists.m in Sources */ = {isa = PBXBuildFile; fileRef = C6BF95E012C2C09400DCB585 /* CDMNumericLists.m */; };
		C6BF95F812C2C09400DCB585 /* CDMPlotLegendCell.m in Sources */ = {isa = PBXBuildFile; fileRef = C6BF95E212C2C09400DCB585 /* CDMPlotLegendCell.m */; };
		C6BF95F912C2C09400DCB585 /* CDMPredicateBuilder.m in Sources */ = {isa = PBXBuildFile; fileRef = C6BF95E412C2C09400DCB585 /* CDMPredicateBuilder.m */; };
		C6BF95FA12C2C09400DCB585 /* CDMRunData.m in Sources */ = {isa = PBXBuildFile; fileRef = C6BF95E612C2C09400DCB585 /* CDMRunData.m */; };
		C6BF95FB12C2C09400DCB585 /* CDMSecs2MinTransformer.m in Sources */ = {isa = PBXBuildFile; fileRef = C6BF95E812C2C09400DCB585 /* CDMSecs2MinTransformer.m */; };
		C6BF95FC12C2C09400DCB585 /* CDMTwitter.m in Sources */ = {isa = PBXBuildFile; fileRef = C6BF95EA12C2C09400DCB585 /* CDMTwitter.m */; };
		C6BF95FD12C2C09400DCB585 /* CDMTwitterController.m in Sources */ = {isa = PBXBuildFile; fileRef = C6BF95EC12C2C09400DCB585 /* CDMTwitterController.m */; };
		C6BF95FE12C2C09400DCB585 /* CDMURLFetcher.m in Sources */ = {isa = PBXBuildFile; fileRef = C6BF95EE12C2C09400DCB585 /* CDMURLFetcher.m */; };
		C6BF95FF12C2C09400DCB585 /* CDMXML.m in Sources */ = {isa = PBXBuildFile; fileRef = C6BF95F012C2C09400DCB585 /* CDMXML.m */; };
		C6BF960012C2C09400DCB585 /* RunLogAppDelegate.m in Sources */ = {isa = PBXBuildFile; fileRef = C6BF95F212C2C09400DCB585 /* RunLogAppDelegate.m */; };
		C6DB7006128F8AF0002EBA91 /* RunLog.icns in Resources */ = {isa = PBXBuildFile; fileRef = C6DB7005128F8AF0002EBA91 /* RunLog.icns */; };
		C6DB7008128F98F1002EBA91 /* TwitterBird.icns in Resources */ = {isa = PBXBuildFile; fileRef = C6DB7007128F98F1002EBA91 /* TwitterBird.icns */; };
/* End PBXBuildFile section */

/* Begin PBXCopyFilesBuildPhase section */
		C6486E7E1238229500C6E29F /* CopyFiles */ = {
			isa = PBXCopyFilesBuildPhase;
			buildActionMask = 2147483647;
			dstPath = "";
			dstSubfolderSpec = 10;
			files = (
				C6AF495912C2CEA400C98A9E /* CorePlot.framework in CopyFiles */,
				C6AF495A12C2CEA900C98A9E /* ParseKit.framework in CopyFiles */,
			);
			runOnlyForDeploymentPostprocessing = 0;
		};
/* End PBXCopyFilesBuildPhase section */

/* Begin PBXFileReference section */
		C6020ACB129B005C0071D724 /* Security.framework */ = {isa = PBXFileReference; lastKnownFileType = wrapper.framework; name = Security.framework; path = System/Library/Frameworks/Security.framework; sourceTree = SDKROOT; };
		C6486E481237F67100C6E29F /* RunLog.app */ = {isa = PBXFileReference; explicitFileType = wrapper.application; includeInIndex = 0; path = RunLog.app; sourceTree = BUILT_PRODUCTS_DIR; };
		C6486E4B1237F67100C6E29F /* Cocoa.framework */ = {isa = PBXFileReference; lastKnownFileType = wrapper.framework; name = Cocoa.framework; path = System/Library/Frameworks/Cocoa.framework; sourceTree = SDKROOT; };
		C6486E4D1237F67100C6E29F /* RunLog-Info.plist */ = {isa = PBXFileReference; lastKnownFileType = text.plist.xml; path = "RunLog-Info.plist"; sourceTree = "<group>"; };
		C6486E501237F67100C6E29F /* en */ = {isa = PBXFileReference; lastKnownFileType = text.plist.strings; name = en; path = en.lproj/InfoPlist.strings; sourceTree = "<group>"; };
		C6486E551237F67100C6E29F /* en */ = {isa = PBXFileReference; lastKnownFileType = file.xib; name = en; path = en.lproj/MainMenu.xib; sourceTree = "<group>"; };
		C6486E581237F67100C6E29F /* en */ = {isa = PBXFileReference; lastKnownFileType = text.rtf; name = en; path = en.lproj/Credits.rtf; sourceTree = "<group>"; };
		C6486E5D1237F67100C6E29F /* RunLogDataModel.xcdatamodel */ = {isa = PBXFileReference; lastKnownFileType = wrapper.xcdatamodel; path = RunLogDataModel.xcdatamodel; sourceTree = "<group>"; };
		C6486E811238583900C6E29F /* QuartzCore.framework */ = {isa = PBXFileReference; lastKnownFileType = wrapper.framework; name = QuartzCore.framework; path = System/Library/Frameworks/QuartzCore.framework; sourceTree = SDKROOT; };
		C669C2A2129B2DB200AE012A /* en */ = {isa = PBXFileReference; lastKnownFileType = text; name = en; path = en.lproj/tweet.txt; sourceTree = "<group>"; };
		C694EABD128FAF1E0044E479 /* iSync.icns */ = {isa = PBXFileReference; lastKnownFileType = image.icns; path = iSync.icns; sourceTree = "<group>"; };
		C6A9A9DA12C2BC040049320F /* libxml2.dylib */ = {isa = PBXFileReference; lastKnownFileType = "compiled.mach-o.dylib"; name = libxml2.dylib; path = usr/lib/libxml2.dylib; sourceTree = SDKROOT; };
		C6A9A9DC12C2BC0D0049320F /* libicucore.dylib */ = {isa = PBXFileReference; lastKnownFileType = "compiled.mach-o.dylib"; name = libicucore.dylib; path = usr/lib/libicucore.dylib; sourceTree = SDKROOT; };
		C6AF495512C2CD5C00C98A9E /* CorePlot.framework */ = {isa = PBXFileReference; lastKnownFileType = wrapper.framework; name = CorePlot.framework; path = /Users/uwe/Library/Frameworks/CorePlot.framework; sourceTree = "<absolute>"; };
		C6AF495612C2CD5C00C98A9E /* ParseKit.framework */ = {isa = PBXFileReference; lastKnownFileType = wrapper.framework; name = ParseKit.framework; path = /Users/uwe/Library/Frameworks/ParseKit.framework; sourceTree = "<absolute>"; };
		C6BF93D012C2C06300DCB585 /* main.m */ = {isa = PBXFileReference; fileEncoding = 4; lastKnownFileType = sourcecode.c.objc; path = main.m; sourceTree = "<group>"; };
		C6BF93D112C2C06300DCB585 /* RunLog_Prefix.pch */ = {isa = PBXFileReference; fileEncoding = 4; lastKnownFileType = sourcecode.c.h; path = RunLog_Prefix.pch; sourceTree = "<group>"; };
		C6BF946B12C2C07F00DCB585 /* NSMutableURLRequest+Parameters.h */ = {isa = PBXFileReference; fileEncoding = 4; lastKnownFileType = sourcecode.c.h; path = "NSMutableURLRequest+Parameters.h"; sourceTree = "<group>"; };
		C6BF946C12C2C07F00DCB585 /* NSMutableURLRequest+Parameters.m */ = {isa = PBXFileReference; fileEncoding = 4; lastKnownFileType = sourcecode.c.objc; path = "NSMutableURLRequest+Parameters.m"; sourceTree = "<group>"; };
		C6BF946D12C2C07F00DCB585 /* NSString+URLEncoding.h */ = {isa = PBXFileReference; fileEncoding = 4; lastKnownFileType = sourcecode.c.h; path = "NSString+URLEncoding.h"; sourceTree = "<group>"; };
		C6BF946E12C2C07F00DCB585 /* NSString+URLEncoding.m */ = {isa = PBXFileReference; fileEncoding = 4; lastKnownFileType = sourcecode.c.objc; path = "NSString+URLEncoding.m"; sourceTree = "<group>"; };
		C6BF946F12C2C07F00DCB585 /* NSURL+Base.h */ = {isa = PBXFileReference; fileEncoding = 4; lastKnownFileType = sourcecode.c.h; path = "NSURL+Base.h"; sourceTree = "<group>"; };
		C6BF947012C2C07F00DCB585 /* NSURL+Base.m */ = {isa = PBXFileReference; fileEncoding = 4; lastKnownFileType = sourcecode.c.objc; path = "NSURL+Base.m"; sourceTree = "<group>"; };
		C6BF947212C2C07F00DCB585 /* Base64Transcoder.c */ = {isa = PBXFileReference; fileEncoding = 4; lastKnownFileType = sourcecode.c.c; path = Base64Transcoder.c; sourceTree = "<group>"; };
		C6BF947312C2C07F00DCB585 /* Base64Transcoder.h */ = {isa = PBXFileReference; fileEncoding = 4; lastKnownFileType = sourcecode.c.h; path = Base64Transcoder.h; sourceTree = "<group>"; };
		C6BF947412C2C07F00DCB585 /* OAAsynchronousDataFetcher.h */ = {isa = PBXFileReference; fileEncoding = 4; lastKnownFileType = sourcecode.c.h; path = OAAsynchronousDataFetcher.h; sourceTree = "<group>"; };
		C6BF947512C2C07F00DCB585 /* OAAsynchronousDataFetcher.m */ = {isa = PBXFileReference; fileEncoding = 4; lastKnownFileType = sourcecode.c.objc; path = OAAsynchronousDataFetcher.m; sourceTree = "<group>"; };
		C6BF947612C2C07F00DCB585 /* OAConsumer.h */ = {isa = PBXFileReference; fileEncoding = 4; lastKnownFileType = sourcecode.c.h; path = OAConsumer.h; sourceTree = "<group>"; };
		C6BF947712C2C07F00DCB585 /* OAConsumer.m */ = {isa = PBXFileReference; fileEncoding = 4; lastKnownFileType = sourcecode.c.objc; path = OAConsumer.m; sourceTree = "<group>"; };
		C6BF947812C2C07F00DCB585 /* OADataFetcher.h */ = {isa = PBXFileReference; fileEncoding = 4; lastKnownFileType = sourcecode.c.h; path = OADataFetcher.h; sourceTree = "<group>"; };
		C6BF947912C2C07F00DCB585 /* OADataFetcher.m */ = {isa = PBXFileReference; fileEncoding = 4; lastKnownFileType = sourcecode.c.objc; path = OADataFetcher.m; sourceTree = "<group>"; };
		C6BF947A12C2C07F00DCB585 /* OAHMAC_SHA1SignatureProvider.h */ = {isa = PBXFileReference; fileEncoding = 4; lastKnownFileType = sourcecode.c.h; path = OAHMAC_SHA1SignatureProvider.h; sourceTree = "<group>"; };
		C6BF947B12C2C07F00DCB585 /* OAHMAC_SHA1SignatureProvider.m */ = {isa = PBXFileReference; fileEncoding = 4; lastKnownFileType = sourcecode.c.objc; path = OAHMAC_SHA1SignatureProvider.m; sourceTree = "<group>"; };
		C6BF947C12C2C07F00DCB585 /* OAMutableURLRequest.h */ = {isa = PBXFileReference; fileEncoding = 4; lastKnownFileType = sourcecode.c.h; path = OAMutableURLRequest.h; sourceTree = "<group>"; };
		C6BF947D12C2C07F00DCB585 /* OAMutableURLRequest.m */ = {isa = PBXFileReference; fileEncoding = 4; lastKnownFileType = sourcecode.c.objc; path = OAMutableURLRequest.m; sourceTree = "<group>"; };
		C6BF947E12C2C07F00DCB585 /* OAPlaintextSignatureProvider.h */ = {isa = PBXFileReference; fileEncoding = 4; lastKnownFileType = sourcecode.c.h; path = OAPlaintextSignatureProvider.h; sourceTree = "<group>"; };
		C6BF947F12C2C07F00DCB585 /* OAPlaintextSignatureProvider.m */ = {isa = PBXFileReference; fileEncoding = 4; lastKnownFileType = sourcecode.c.objc; path = OAPlaintextSignatureProvider.m; sourceTree = "<group>"; };
		C6BF948012C2C07F00DCB585 /* OARequestParameter.h */ = {isa = PBXFileReference; fileEncoding = 4; lastKnownFileType = sourcecode.c.h; path = OARequestParameter.h; sourceTree = "<group>"; };
		C6BF948112C2C07F00DCB585 /* OARequestParameter.m */ = {isa = PBXFileReference; fileEncoding = 4; lastKnownFileType = sourcecode.c.objc; path = OARequestParameter.m; sourceTree = "<group>"; };
		C6BF948212C2C07F00DCB585 /* OAServiceTicket.h */ = {isa = PBXFileReference; fileEncoding = 4; lastKnownFileType = sourcecode.c.h; path = OAServiceTicket.h; sourceTree = "<group>"; };
		C6BF948312C2C07F00DCB585 /* OAServiceTicket.m */ = {isa = PBXFileReference; fileEncoding = 4; lastKnownFileType = sourcecode.c.objc; path = OAServiceTicket.m; sourceTree = "<group>"; };
		C6BF948412C2C07F00DCB585 /* OASignatureProviding.h */ = {isa = PBXFileReference; fileEncoding = 4; lastKnownFileType = sourcecode.c.h; path = OASignatureProviding.h; sourceTree = "<group>"; };
		C6BF948512C2C07F00DCB585 /* OAToken.h */ = {isa = PBXFileReference; fileEncoding = 4; lastKnownFileType = sourcecode.c.h; path = OAToken.h; sourceTree = "<group>"; };
		C6BF948612C2C07F00DCB585 /* OAToken.m */ = {isa = PBXFileReference; fileEncoding = 4; lastKnownFileType = sourcecode.c.objc; path = OAToken.m; sourceTree = "<group>"; };
		C6BF948712C2C07F00DCB585 /* OAToken_KeychainExtensions.h */ = {isa = PBXFileReference; fileEncoding = 4; lastKnownFileType = sourcecode.c.h; path = OAToken_KeychainExtensions.h; sourceTree = "<group>"; };
		C6BF948812C2C07F00DCB585 /* OAToken_KeychainExtensions.m */ = {isa = PBXFileReference; fileEncoding = 4; lastKnownFileType = sourcecode.c.objc; path = OAToken_KeychainExtensions.m; sourceTree = "<group>"; };
		C6BF948912C2C07F00DCB585 /* OAuthConsumer.h */ = {isa = PBXFileReference; fileEncoding = 4; lastKnownFileType = sourcecode.c.h; path = OAuthConsumer.h; sourceTree = "<group>"; };
		C6BF94C912C2C07F00DCB585 /* DeepMutableCopy.h */ = {isa = PBXFileReference; fileEncoding = 4; lastKnownFileType = sourcecode.c.h; path = DeepMutableCopy.h; sourceTree = "<group>"; };
		C6BF94CA12C2C07F00DCB585 /* ICUTemplateMatcher.h */ = {isa = PBXFileReference; fileEncoding = 4; lastKnownFileType = sourcecode.c.h; path = ICUTemplateMatcher.h; sourceTree = "<group>"; };
		C6BF94CB12C2C07F00DCB585 /* ICUTemplateMatcher.m */ = {isa = PBXFileReference; fileEncoding = 4; lastKnownFileType = sourcecode.c.objc; path = ICUTemplateMatcher.m; sourceTree = "<group>"; };
		C6BF94CC12C2C07F00DCB585 /* MGTemplateEngine.h */ = {isa = PBXFileReference; fileEncoding = 4; lastKnownFileType = sourcecode.c.h; path = MGTemplateEngine.h; sourceTree = "<group>"; };
		C6BF94CD12C2C07F00DCB585 /* MGTemplateEngine.m */ = {isa = PBXFileReference; fileEncoding = 4; lastKnownFileType = sourcecode.c.objc; path = MGTemplateEngine.m; sourceTree = "<group>"; };
		C6BF94CE12C2C07F00DCB585 /* MGTemplateFilter.h */ = {isa = PBXFileReference; fileEncoding = 4; lastKnownFileType = sourcecode.c.h; path = MGTemplateFilter.h; sourceTree = "<group>"; };
		C6BF94CF12C2C07F00DCB585 /* MGTemplateMarker.h */ = {isa = PBXFileReference; fileEncoding = 4; lastKnownFileType = sourcecode.c.h; path = MGTemplateMarker.h; sourceTree = "<group>"; };
		C6BF94D012C2C07F00DCB585 /* MGTemplateStandardFilters.h */ = {isa = PBXFileReference; fileEncoding = 4; lastKnownFileType = sourcecode.c.h; path = MGTemplateStandardFilters.h; sourceTree = "<group>"; };
		C6BF94D112C2C07F00DCB585 /* MGTemplateStandardFilters.m */ = {isa = PBXFileReference; fileEncoding = 4; lastKnownFileType = sourcecode.c.objc; path = MGTemplateStandardFilters.m; sourceTree = "<group>"; };
		C6BF94D212C2C07F00DCB585 /* MGTemplateStandardMarkers.h */ = {isa = PBXFileReference; fileEncoding = 4; lastKnownFileType = sourcecode.c.h; path = MGTemplateStandardMarkers.h; sourceTree = "<group>"; };
		C6BF94D312C2C07F00DCB585 /* MGTemplateStandardMarkers.m */ = {isa = PBXFileReference; fileEncoding = 4; lastKnownFileType = sourcecode.c.objc; path = MGTemplateStandardMarkers.m; sourceTree = "<group>"; };
		C6BF94D412C2C07F00DCB585 /* NSArray_DeepMutableCopy.h */ = {isa = PBXFileReference; fileEncoding = 4; lastKnownFileType = sourcecode.c.h; path = NSArray_DeepMutableCopy.h; sourceTree = "<group>"; };
		C6BF94D512C2C07F00DCB585 /* NSArray_DeepMutableCopy.m */ = {isa = PBXFileReference; fileEncoding = 4; lastKnownFileType = sourcecode.c.objc; path = NSArray_DeepMutableCopy.m; sourceTree = "<group>"; };
		C6BF94D612C2C07F00DCB585 /* NSDictionary_DeepMutableCopy.h */ = {isa = PBXFileReference; fileEncoding = 4; lastKnownFileType = sourcecode.c.h; path = NSDictionary_DeepMutableCopy.h; sourceTree = "<group>"; };
		C6BF94D712C2C07F00DCB585 /* NSDictionary_DeepMutableCopy.m */ = {isa = PBXFileReference; fileEncoding = 4; lastKnownFileType = sourcecode.c.objc; path = NSDictionary_DeepMutableCopy.m; sourceTree = "<group>"; };
		C6BF94D912C2C07F00DCB585 /* MGTwitterEngine.h */ = {isa = PBXFileReference; fileEncoding = 4; lastKnownFileType = sourcecode.c.h; path = MGTwitterEngine.h; sourceTree = "<group>"; };
		C6BF94DA12C2C07F00DCB585 /* MGTwitterEngine.m */ = {isa = PBXFileReference; fileEncoding = 4; lastKnownFileType = sourcecode.c.objc; path = MGTwitterEngine.m; sourceTree = "<group>"; };
		C6BF94DB12C2C07F00DCB585 /* MGTwitterEngineDelegate.h */ = {isa = PBXFileReference; fileEncoding = 4; lastKnownFileType = sourcecode.c.h; path = MGTwitterEngineDelegate.h; sourceTree = "<group>"; };
		C6BF94DC12C2C07F00DCB585 /* MGTwitterEngineGlobalHeader.h */ = {isa = PBXFileReference; fileEncoding = 4; lastKnownFileType = sourcecode.c.h; path = MGTwitterEngineGlobalHeader.h; sourceTree = "<group>"; };
		C6BF94DD12C2C07F00DCB585 /* MGTwitterHTTPURLConnection.h */ = {isa = PBXFileReference; fileEncoding = 4; lastKnownFileType = sourcecode.c.h; path = MGTwitterHTTPURLConnection.h; sourceTree = "<group>"; };
		C6BF94DE12C2C07F00DCB585 /* MGTwitterHTTPURLConnection.m */ = {isa = PBXFileReference; fileEncoding = 4; lastKnownFileType = sourcecode.c.objc; path = MGTwitterHTTPURLConnection.m; sourceTree = "<group>"; };
		C6BF94DF12C2C07F00DCB585 /* MGTwitterLibXMLParser.h */ = {isa = PBXFileReference; fileEncoding = 4; lastKnownFileType = sourcecode.c.h; path = MGTwitterLibXMLParser.h; sourceTree = "<group>"; };
		C6BF94E012C2C07F00DCB585 /* MGTwitterLibXMLParser.m */ = {isa = PBXFileReference; fileEncoding = 4; lastKnownFileType = sourcecode.c.objc; path = MGTwitterLibXMLParser.m; sourceTree = "<group>"; };
		C6BF94E112C2C07F00DCB585 /* MGTwitterMessagesLibXMLParser.h */ = {isa = PBXFileReference; fileEncoding = 4; lastKnownFileType = sourcecode.c.h; path = MGTwitterMessagesLibXMLParser.h; sourceTree = "<group>"; };
		C6BF94E212C2C07F00DCB585 /* MGTwitterMessagesLibXMLParser.m */ = {isa = PBXFileReference; fileEncoding = 4; lastKnownFileType = sourcecode.c.objc; path = MGTwitterMessagesLibXMLParser.m; sourceTree = "<group>"; };
		C6BF94E312C2C07F00DCB585 /* MGTwitterMessagesParser.h */ = {isa = PBXFileReference; fileEncoding = 4; lastKnownFileType = sourcecode.c.h; path = MGTwitterMessagesParser.h; sourceTree = "<group>"; };
		C6BF94E412C2C07F00DCB585 /* MGTwitterMessagesParser.m */ = {isa = PBXFileReference; fileEncoding = 4; lastKnownFileType = sourcecode.c.objc; path = MGTwitterMessagesParser.m; sourceTree = "<group>"; };
		C6BF94E512C2C07F00DCB585 /* MGTwitterMessagesYAJLParser.h */ = {isa = PBXFileReference; fileEncoding = 4; lastKnownFileType = sourcecode.c.h; path = MGTwitterMessagesYAJLParser.h; sourceTree = "<group>"; };
		C6BF94E612C2C07F00DCB585 /* MGTwitterMessagesYAJLParser.m */ = {isa = PBXFileReference; fileEncoding = 4; lastKnownFileType = sourcecode.c.objc; path = MGTwitterMessagesYAJLParser.m; sourceTree = "<group>"; };
		C6BF94E712C2C07F00DCB585 /* MGTwitterMiscLibXMLParser.h */ = {isa = PBXFileReference; fileEncoding = 4; lastKnownFileType = sourcecode.c.h; path = MGTwitterMiscLibXMLParser.h; sourceTree = "<group>"; };
		C6BF94E812C2C07F00DCB585 /* MGTwitterMiscLibXMLParser.m */ = {isa = PBXFileReference; fileEncoding = 4; lastKnownFileType = sourcecode.c.objc; path = MGTwitterMiscLibXMLParser.m; sourceTree = "<group>"; };
		C6BF94E912C2C07F00DCB585 /* MGTwitterMiscParser.h */ = {isa = PBXFileReference; fileEncoding = 4; lastKnownFileType = sourcecode.c.h; path = MGTwitterMiscParser.h; sourceTree = "<group>"; };
		C6BF94EA12C2C07F00DCB585 /* MGTwitterMiscParser.m */ = {isa = PBXFileReference; fileEncoding = 4; lastKnownFileType = sourcecode.c.objc; path = MGTwitterMiscParser.m; sourceTree = "<group>"; };
		C6BF94EB12C2C07F00DCB585 /* MGTwitterMiscYAJLParser.h */ = {isa = PBXFileReference; fileEncoding = 4; lastKnownFileType = sourcecode.c.h; path = MGTwitterMiscYAJLParser.h; sourceTree = "<group>"; };
		C6BF94EC12C2C07F00DCB585 /* MGTwitterMiscYAJLParser.m */ = {isa = PBXFileReference; fileEncoding = 4; lastKnownFileType = sourcecode.c.objc; path = MGTwitterMiscYAJLParser.m; sourceTree = "<group>"; };
		C6BF94ED12C2C07F00DCB585 /* MGTwitterParserDelegate.h */ = {isa = PBXFileReference; fileEncoding = 4; lastKnownFileType = sourcecode.c.h; path = MGTwitterParserDelegate.h; sourceTree = "<group>"; };
		C6BF94EE12C2C07F00DCB585 /* MGTwitterRequestTypes.h */ = {isa = PBXFileReference; fileEncoding = 4; lastKnownFileType = sourcecode.c.h; path = MGTwitterRequestTypes.h; sourceTree = "<group>"; };
		C6BF94EF12C2C07F00DCB585 /* MGTwitterSearchYAJLParser.h */ = {isa = PBXFileReference; fileEncoding = 4; lastKnownFileType = sourcecode.c.h; path = MGTwitterSearchYAJLParser.h; sourceTree = "<group>"; };
		C6BF94F012C2C07F00DCB585 /* MGTwitterSearchYAJLParser.m */ = {isa = PBXFileReference; fileEncoding = 4; lastKnownFileType = sourcecode.c.objc; path = MGTwitterSearchYAJLParser.m; sourceTree = "<group>"; };
		C6BF94F112C2C07F00DCB585 /* MGTwitterSocialGraphLibXMLParser.h */ = {isa = PBXFileReference; fileEncoding = 4; lastKnownFileType = sourcecode.c.h; path = MGTwitterSocialGraphLibXMLParser.h; sourceTree = "<group>"; };
		C6BF94F212C2C07F00DCB585 /* MGTwitterSocialGraphLibXMLParser.m */ = {isa = PBXFileReference; fileEncoding = 4; lastKnownFileType = sourcecode.c.objc; path = MGTwitterSocialGraphLibXMLParser.m; sourceTree = "<group>"; };
		C6BF94F312C2C07F00DCB585 /* MGTwitterSocialGraphParser.h */ = {isa = PBXFileReference; fileEncoding = 4; lastKnownFileType = sourcecode.c.h; path = MGTwitterSocialGraphParser.h; sourceTree = "<group>"; };
		C6BF94F412C2C07F00DCB585 /* MGTwitterSocialGraphParser.m */ = {isa = PBXFileReference; fileEncoding = 4; lastKnownFileType = sourcecode.c.objc; path = MGTwitterSocialGraphParser.m; sourceTree = "<group>"; };
		C6BF94F512C2C07F00DCB585 /* MGTwitterStatusesLibXMLParser.h */ = {isa = PBXFileReference; fileEncoding = 4; lastKnownFileType = sourcecode.c.h; path = MGTwitterStatusesLibXMLParser.h; sourceTree = "<group>"; };
		C6BF94F612C2C07F00DCB585 /* MGTwitterStatusesLibXMLParser.m */ = {isa = PBXFileReference; fileEncoding = 4; lastKnownFileType = sourcecode.c.objc; path = MGTwitterStatusesLibXMLParser.m; sourceTree = "<group>"; };
		C6BF94F712C2C07F00DCB585 /* MGTwitterStatusesParser.h */ = {isa = PBXFileReference; fileEncoding = 4; lastKnownFileType = sourcecode.c.h; path = MGTwitterStatusesParser.h; sourceTree = "<group>"; };
		C6BF94F812C2C07F00DCB585 /* MGTwitterStatusesParser.m */ = {isa = PBXFileReference; fileEncoding = 4; lastKnownFileType = sourcecode.c.objc; path = MGTwitterStatusesParser.m; sourceTree = "<group>"; };
		C6BF94F912C2C07F00DCB585 /* MGTwitterStatusesYAJLParser.h */ = {isa = PBXFileReference; fileEncoding = 4; lastKnownFileType = sourcecode.c.h; path = MGTwitterStatusesYAJLParser.h; sourceTree = "<group>"; };
		C6BF94FA12C2C07F00DCB585 /* MGTwitterStatusesYAJLParser.m */ = {isa = PBXFileReference; fileEncoding = 4; lastKnownFileType = sourcecode.c.objc; path = MGTwitterStatusesYAJLParser.m; sourceTree = "<group>"; };
		C6BF94FD12C2C07F00DCB585 /* MGTwitterUserListsParser.h */ = {isa = PBXFileReference; fileEncoding = 4; lastKnownFileType = sourcecode.c.h; path = MGTwitterUserListsParser.h; sourceTree = "<group>"; };
		C6BF94FE12C2C07F00DCB585 /* MGTwitterUserListsParser.m */ = {isa = PBXFileReference; fileEncoding = 4; lastKnownFileType = sourcecode.c.objc; path = MGTwitterUserListsParser.m; sourceTree = "<group>"; };
		C6BF94FF12C2C07F00DCB585 /* MGTwitterUsersLibXMLParser.h */ = {isa = PBXFileReference; fileEncoding = 4; lastKnownFileType = sourcecode.c.h; path = MGTwitterUsersLibXMLParser.h; sourceTree = "<group>"; };
		C6BF950012C2C07F00DCB585 /* MGTwitterUsersLibXMLParser.m */ = {isa = PBXFileReference; fileEncoding = 4; lastKnownFileType = sourcecode.c.objc; path = MGTwitterUsersLibXMLParser.m; sourceTree = "<group>"; };
		C6BF950112C2C07F00DCB585 /* MGTwitterUsersParser.h */ = {isa = PBXFileReference; fileEncoding = 4; lastKnownFileType = sourcecode.c.h; path = MGTwitterUsersParser.h; sourceTree = "<group>"; };
		C6BF950212C2C07F00DCB585 /* MGTwitterUsersParser.m */ = {isa = PBXFileReference; fileEncoding = 4; lastKnownFileType = sourcecode.c.objc; path = MGTwitterUsersParser.m; sourceTree = "<group>"; };
		C6BF950312C2C07F00DCB585 /* MGTwitterUsersYAJLParser.h */ = {isa = PBXFileReference; fileEncoding = 4; lastKnownFileType = sourcecode.c.h; path = MGTwitterUsersYAJLParser.h; sourceTree = "<group>"; };
		C6BF950412C2C07F00DCB585 /* MGTwitterUsersYAJLParser.m */ = {isa = PBXFileReference; fileEncoding = 4; lastKnownFileType = sourcecode.c.objc; path = MGTwitterUsersYAJLParser.m; sourceTree = "<group>"; };
		C6BF950512C2C07F00DCB585 /* MGTwitterXMLParser.h */ = {isa = PBXFileReference; fileEncoding = 4; lastKnownFileType = sourcecode.c.h; path = MGTwitterXMLParser.h; sourceTree = "<group>"; };
		C6BF950612C2C07F00DCB585 /* MGTwitterXMLParser.m */ = {isa = PBXFileReference; fileEncoding = 4; lastKnownFileType = sourcecode.c.objc; path = MGTwitterXMLParser.m; sourceTree = "<group>"; };
		C6BF950712C2C07F00DCB585 /* MGTwitterYAJLParser.h */ = {isa = PBXFileReference; fileEncoding = 4; lastKnownFileType = sourcecode.c.h; path = MGTwitterYAJLParser.h; sourceTree = "<group>"; };
		C6BF950812C2C07F00DCB585 /* MGTwitterYAJLParser.m */ = {isa = PBXFileReference; fileEncoding = 4; lastKnownFileType = sourcecode.c.objc; path = MGTwitterYAJLParser.m; sourceTree = "<group>"; };
		C6BF950912C2C07F00DCB585 /* NSData+Base64.h */ = {isa = PBXFileReference; fileEncoding = 4; lastKnownFileType = sourcecode.c.h; path = "NSData+Base64.h"; sourceTree = "<group>"; };
		C6BF950A12C2C07F00DCB585 /* NSData+Base64.m */ = {isa = PBXFileReference; fileEncoding = 4; lastKnownFileType = sourcecode.c.objc; path = "NSData+Base64.m"; sourceTree = "<group>"; };
		C6BF950B12C2C07F00DCB585 /* NSString+UUID.h */ = {isa = PBXFileReference; fileEncoding = 4; lastKnownFileType = sourcecode.c.h; path = "NSString+UUID.h"; sourceTree = "<group>"; };
		C6BF950C12C2C07F00DCB585 /* NSString+UUID.m */ = {isa = PBXFileReference; fileEncoding = 4; lastKnownFileType = sourcecode.c.objc; path = "NSString+UUID.m"; sourceTree = "<group>"; };
		C6BF950F12C2C07F00DCB585 /* yajl_common.h */ = {isa = PBXFileReference; fileEncoding = 4; lastKnownFileType = sourcecode.c.h; path = yajl_common.h; sourceTree = "<group>"; };
		C6BF951012C2C07F00DCB585 /* yajl_gen.h */ = {isa = PBXFileReference; fileEncoding = 4; lastKnownFileType = sourcecode.c.h; path = yajl_gen.h; sourceTree = "<group>"; };
		C6BF951112C2C07F00DCB585 /* yajl_parse.h */ = {isa = PBXFileReference; fileEncoding = 4; lastKnownFileType = sourcecode.c.h; path = yajl_parse.h; sourceTree = "<group>"; };
		C6BF951212C2C07F00DCB585 /* yajl.c */ = {isa = PBXFileReference; fileEncoding = 4; lastKnownFileType = sourcecode.c.c; path = yajl.c; sourceTree = "<group>"; };
		C6BF951312C2C07F00DCB585 /* yajl_alloc.c */ = {isa = PBXFileReference; fileEncoding = 4; lastKnownFileType = sourcecode.c.c; path = yajl_alloc.c; sourceTree = "<group>"; };
		C6BF951412C2C07F00DCB585 /* yajl_alloc.h */ = {isa = PBXFileReference; fileEncoding = 4; lastKnownFileType = sourcecode.c.h; path = yajl_alloc.h; sourceTree = "<group>"; };
		C6BF951512C2C07F00DCB585 /* yajl_buf.c */ = {isa = PBXFileReference; fileEncoding = 4; lastKnownFileType = sourcecode.c.c; path = yajl_buf.c; sourceTree = "<group>"; };
		C6BF951612C2C07F00DCB585 /* yajl_buf.h */ = {isa = PBXFileReference; fileEncoding = 4; lastKnownFileType = sourcecode.c.h; path = yajl_buf.h; sourceTree = "<group>"; };
		C6BF951712C2C07F00DCB585 /* yajl_bytestack.h */ = {isa = PBXFileReference; fileEncoding = 4; lastKnownFileType = sourcecode.c.h; path = yajl_bytestack.h; sourceTree = "<group>"; };
		C6BF951812C2C07F00DCB585 /* yajl_encode.c */ = {isa = PBXFileReference; fileEncoding = 4; lastKnownFileType = sourcecode.c.c; path = yajl_encode.c; sourceTree = "<group>"; };
		C6BF951912C2C07F00DCB585 /* yajl_encode.h */ = {isa = PBXFileReference; fileEncoding = 4; lastKnownFileType = sourcecode.c.h; path = yajl_encode.h; sourceTree = "<group>"; };
		C6BF951A12C2C07F00DCB585 /* yajl_gen.c */ = {isa = PBXFileReference; fileEncoding = 4; lastKnownFileType = sourcecode.c.c; path = yajl_gen.c; sourceTree = "<group>"; };
		C6BF951B12C2C07F00DCB585 /* yajl_lex.c */ = {isa = PBXFileReference; fileEncoding = 4; lastKnownFileType = sourcecode.c.c; path = yajl_lex.c; sourceTree = "<group>"; };
		C6BF951C12C2C07F00DCB585 /* yajl_lex.h */ = {isa = PBXFileReference; fileEncoding = 4; lastKnownFileType = sourcecode.c.h; path = yajl_lex.h; sourceTree = "<group>"; };
		C6BF951D12C2C07F00DCB585 /* yajl_parser.c */ = {isa = PBXFileReference; fileEncoding = 4; lastKnownFileType = sourcecode.c.c; path = yajl_parser.c; sourceTree = "<group>"; };
		C6BF951E12C2C07F00DCB585 /* yajl_parser.h */ = {isa = PBXFileReference; fileEncoding = 4; lastKnownFileType = sourcecode.c.h; path = yajl_parser.h; sourceTree = "<group>"; };
		C6BF951F12C2C07F00DCB585 /* yajl_version.c */ = {isa = PBXFileReference; fileEncoding = 4; lastKnownFileType = sourcecode.c.c; path = yajl_version.c; sourceTree = "<group>"; };
		C6BF95D612C2C09400DCB585 /* CDMArray.h */ = {isa = PBXFileReference; fileEncoding = 4; lastKnownFileType = sourcecode.c.h; path = CDMArray.h; sourceTree = "<group>"; };
		C6BF95D712C2C09400DCB585 /* CDMArray.m */ = {isa = PBXFileReference; fileEncoding = 4; lastKnownFileType = sourcecode.c.objc; path = CDMArray.m; sourceTree = "<group>"; };
		C6BF95D812C2C09400DCB585 /* CDMCorePlot.h */ = {isa = PBXFileReference; fileEncoding = 4; lastKnownFileType = sourcecode.c.h; path = CDMCorePlot.h; sourceTree = "<group>"; };
		C6BF95D912C2C09400DCB585 /* CDMCorePlot.m */ = {isa = PBXFileReference; fileEncoding = 4; lastKnownFileType = sourcecode.c.objc; path = CDMCorePlot.m; sourceTree = "<group>"; };
		C6BF95DA12C2C09400DCB585 /* CDMDateTime.h */ = {isa = PBXFileReference; fileEncoding = 4; lastKnownFileType = sourcecode.c.h; path = CDMDateTime.h; sourceTree = "<group>"; };
		C6BF95DB12C2C09400DCB585 /* CDMDateTime.m */ = {isa = PBXFileReference; fileEncoding = 4; lastKnownFileType = sourcecode.c.objc; path = CDMDateTime.m; sourceTree = "<group>"; };
		C6BF95DC12C2C09400DCB585 /* CDMNikeRunAccessors.h */ = {isa = PBXFileReference; fileEncoding = 4; lastKnownFileType = sourcecode.c.h; path = CDMNikeRunAccessors.h; sourceTree = "<group>"; };
		C6BF95DD12C2C09400DCB585 /* CDMNikeSyncer.h */ = {isa = PBXFileReference; fileEncoding = 4; lastKnownFileType = sourcecode.c.h; path = CDMNikeSyncer.h; sourceTree = "<group>"; };
		C6BF95DE12C2C09400DCB585 /* CDMNikeSyncer.m */ = {isa = PBXFileReference; fileEncoding = 4; lastKnownFileType = sourcecode.c.objc; path = CDMNikeSyncer.m; sourceTree = "<group>"; };
		C6BF95DF12C2C09400DCB585 /* CDMNumericLists.h */ = {isa = PBXFileReference; fileEncoding = 4; lastKnownFileType = sourcecode.c.h; path = CDMNumericLists.h; sourceTree = "<group>"; };
		C6BF95E012C2C09400DCB585 /* CDMNumericLists.m */ = {isa = PBXFileReference; fileEncoding = 4; lastKnownFileType = sourcecode.c.objc; path = CDMNumericLists.m; sourceTree = "<group>"; };
		C6BF95E112C2C09400DCB585 /* CDMPlotLegendCell.h */ = {isa = PBXFileReference; fileEncoding = 4; lastKnownFileType = sourcecode.c.h; path = CDMPlotLegendCell.h; sourceTree = "<group>"; };
		C6BF95E212C2C09400DCB585 /* CDMPlotLegendCell.m */ = {isa = PBXFileReference; fileEncoding = 4; lastKnownFileType = sourcecode.c.objc; path = CDMPlotLegendCell.m; sourceTree = "<group>"; };
		C6BF95E312C2C09400DCB585 /* CDMPredicateBuilder.h */ = {isa = PBXFileReference; fileEncoding = 4; lastKnownFileType = sourcecode.c.h; path = CDMPredicateBuilder.h; sourceTree = "<group>"; };
		C6BF95E412C2C09400DCB585 /* CDMPredicateBuilder.m */ = {isa = PBXFileReference; fileEncoding = 4; lastKnownFileType = sourcecode.c.objc; path = CDMPredicateBuilder.m; sourceTree = "<group>"; };
		C6BF95E512C2C09400DCB585 /* CDMRunData.h */ = {isa = PBXFileReference; fileEncoding = 4; lastKnownFileType = sourcecode.c.h; path = CDMRunData.h; sourceTree = "<group>"; };
		C6BF95E612C2C09400DCB585 /* CDMRunData.m */ = {isa = PBXFileReference; fileEncoding = 4; lastKnownFileType = sourcecode.c.objc; path = CDMRunData.m; sourceTree = "<group>"; };
		C6BF95E712C2C09400DCB585 /* CDMSecs2MinTransformer.h */ = {isa = PBXFileReference; fileEncoding = 4; lastKnownFileType = sourcecode.c.h; path = CDMSecs2MinTransformer.h; sourceTree = "<group>"; };
		C6BF95E812C2C09400DCB585 /* CDMSecs2MinTransformer.m */ = {isa = PBXFileReference; fileEncoding = 4; lastKnownFileType = sourcecode.c.objc; path = CDMSecs2MinTransformer.m; sourceTree = "<group>"; };
		C6BF95E912C2C09400DCB585 /* CDMTwitter.h */ = {isa = PBXFileReference; fileEncoding = 4; lastKnownFileType = sourcecode.c.h; path = CDMTwitter.h; sourceTree = "<group>"; };
		C6BF95EA12C2C09400DCB585 /* CDMTwitter.m */ = {isa = PBXFileReference; fileEncoding = 4; lastKnownFileType = sourcecode.c.objc; path = CDMTwitter.m; sourceTree = "<group>"; };
		C6BF95EB12C2C09400DCB585 /* CDMTwitterController.h */ = {isa = PBXFileReference; fileEncoding = 4; lastKnownFileType = sourcecode.c.h; path = CDMTwitterController.h; sourceTree = "<group>"; };
		C6BF95EC12C2C09400DCB585 /* CDMTwitterController.m */ = {isa = PBXFileReference; fileEncoding = 4; lastKnownFileType = sourcecode.c.objc; path = CDMTwitterController.m; sourceTree = "<group>"; };
		C6BF95ED12C2C09400DCB585 /* CDMURLFetcher.h */ = {isa = PBXFileReference; fileEncoding = 4; lastKnownFileType = sourcecode.c.h; path = CDMURLFetcher.h; sourceTree = "<group>"; };
		C6BF95EE12C2C09400DCB585 /* CDMURLFetcher.m */ = {isa = PBXFileReference; fileEncoding = 4; lastKnownFileType = sourcecode.c.objc; path = CDMURLFetcher.m; sourceTree = "<group>"; };
		C6BF95EF12C2C09400DCB585 /* CDMXML.h */ = {isa = PBXFileReference; fileEncoding = 4; lastKnownFileType = sourcecode.c.h; path = CDMXML.h; sourceTree = "<group>"; };
		C6BF95F012C2C09400DCB585 /* CDMXML.m */ = {isa = PBXFileReference; fileEncoding = 4; lastKnownFileType = sourcecode.c.objc; path = CDMXML.m; sourceTree = "<group>"; };
		C6BF95F112C2C09400DCB585 /* RunLogAppDelegate.h */ = {isa = PBXFileReference; fileEncoding = 4; lastKnownFileType = sourcecode.c.h; path = RunLogAppDelegate.h; sourceTree = "<group>"; };
		C6BF95F212C2C09400DCB585 /* RunLogAppDelegate.m */ = {isa = PBXFileReference; fileEncoding = 4; lastKnownFileType = sourcecode.c.objc; path = RunLogAppDelegate.m; sourceTree = "<group>"; };
		C6DB7005128F8AF0002EBA91 /* RunLog.icns */ = {isa = PBXFileReference; lastKnownFileType = image.icns; path = RunLog.icns; sourceTree = "<group>"; };
		C6DB7007128F98F1002EBA91 /* TwitterBird.icns */ = {isa = PBXFileReference; lastKnownFileType = image.icns; path = TwitterBird.icns; sourceTree = "<group>"; };
/* End PBXFileReference section */

/* Begin PBXFrameworksBuildPhase section */
		C6486E451237F67100C6E29F /* Frameworks */ = {
			isa = PBXFrameworksBuildPhase;
			buildActionMask = 2147483647;
			files = (
				C6AF495712C2CD5C00C98A9E /* CorePlot.framework in Frameworks */,
				C6AF495812C2CD5C00C98A9E /* ParseKit.framework in Frameworks */,
				C6A9A9DD12C2BC0D0049320F /* libicucore.dylib in Frameworks */,
				C6A9A9DB12C2BC040049320F /* libxml2.dylib in Frameworks */,
				C6020ACC129B005C0071D724 /* Security.framework in Frameworks */,
				C6486E4C1237F67100C6E29F /* Cocoa.framework in Frameworks */,
				C6486E821238583900C6E29F /* QuartzCore.framework in Frameworks */,
			);
			runOnlyForDeploymentPostprocessing = 0;
		};
/* End PBXFrameworksBuildPhase section */

/* Begin PBXGroup section */
		C6486E381237F67100C6E29F = {
			isa = PBXGroup;
			children = (
				C6AF495512C2CD5C00C98A9E /* CorePlot.framework */,
				C6AF495612C2CD5C00C98A9E /* ParseKit.framework */,
				C6BF95D512C2C09400DCB585 /* src */,
				C6BF93D312C2C07F00DCB585 /* third_party */,
				C6BF93CF12C2C04E00DCB585 /* Other Sources */,
				C6A9A9DC12C2BC0D0049320F /* libicucore.dylib */,
				C6A9A9DA12C2BC040049320F /* libxml2.dylib */,
				C6486E3F1237F67100C6E29F /* Models */,
				C6486E421237F67100C6E29F /* Resources */,
				C6486E431237F67100C6E29F /* Frameworks */,
				C6486E491237F67100C6E29F /* Products */,
			);
			sourceTree = "<group>";
		};
		C6486E3F1237F67100C6E29F /* Models */ = {
			isa = PBXGroup;
			children = (
				C6486E5D1237F67100C6E29F /* RunLogDataModel.xcdatamodel */,
			);
			name = Models;
			sourceTree = "<group>";
		};
		C6486E421237F67100C6E29F /* Resources */ = {
			isa = PBXGroup;
			children = (
				C669C2A1129B2DB200AE012A /* tweet.txt */,
				C694EABD128FAF1E0044E479 /* iSync.icns */,
				C6DB7005128F8AF0002EBA91 /* RunLog.icns */,
				C6DB7007128F98F1002EBA91 /* TwitterBird.icns */,
				C6486E4D1237F67100C6E29F /* RunLog-Info.plist */,
				C6486E4F1237F67100C6E29F /* InfoPlist.strings */,
				C6486E541237F67100C6E29F /* MainMenu.xib */,
				C6486E571237F67100C6E29F /* Credits.rtf */,
			);
			name = Resources;
			sourceTree = "<group>";
		};
		C6486E431237F67100C6E29F /* Frameworks */ = {
			isa = PBXGroup;
			children = (
				C6020ACB129B005C0071D724 /* Security.framework */,
				C6486E811238583900C6E29F /* QuartzCore.framework */,
				C6486E4B1237F67100C6E29F /* Cocoa.framework */,
			);
			name = Frameworks;
			sourceTree = "<group>";
		};
		C6486E491237F67100C6E29F /* Products */ = {
			isa = PBXGroup;
			children = (
				C6486E481237F67100C6E29F /* RunLog.app */,
			);
			name = Products;
			sourceTree = "<group>";
		};
		C6BF93CF12C2C04E00DCB585 /* Other Sources */ = {
			isa = PBXGroup;
			children = (
				C6BF93D012C2C06300DCB585 /* main.m */,
				C6BF93D112C2C06300DCB585 /* RunLog_Prefix.pch */,
			);
			name = "Other Sources";
			sourceTree = "<group>";
		};
		C6BF93D312C2C07F00DCB585 /* third_party */ = {
			isa = PBXGroup;
			children = (
				C6BF946912C2C07F00DCB585 /* oauth */,
				C6BF94C812C2C07F00DCB585 /* templateengine */,
				C6BF94D812C2C07F00DCB585 /* twitterengine */,
				C6BF950D12C2C07F00DCB585 /* yajl */,
			);
			path = third_party;
			sourceTree = "<group>";
		};
		C6BF946912C2C07F00DCB585 /* oauth */ = {
			isa = PBXGroup;
			children = (
				C6BF946A12C2C07F00DCB585 /* Categories */,
				C6BF947112C2C07F00DCB585 /* Crytpo */,
				C6BF947412C2C07F00DCB585 /* OAAsynchronousDataFetcher.h */,
				C6BF947512C2C07F00DCB585 /* OAAsynchronousDataFetcher.m */,
				C6BF947612C2C07F00DCB585 /* OAConsumer.h */,
				C6BF947712C2C07F00DCB585 /* OAConsumer.m */,
				C6BF947812C2C07F00DCB585 /* OADataFetcher.h */,
				C6BF947912C2C07F00DCB585 /* OADataFetcher.m */,
				C6BF947A12C2C07F00DCB585 /* OAHMAC_SHA1SignatureProvider.h */,
				C6BF947B12C2C07F00DCB585 /* OAHMAC_SHA1SignatureProvider.m */,
				C6BF947C12C2C07F00DCB585 /* OAMutableURLRequest.h */,
				C6BF947D12C2C07F00DCB585 /* OAMutableURLRequest.m */,
				C6BF947E12C2C07F00DCB585 /* OAPlaintextSignatureProvider.h */,
				C6BF947F12C2C07F00DCB585 /* OAPlaintextSignatureProvider.m */,
				C6BF948012C2C07F00DCB585 /* OARequestParameter.h */,
				C6BF948112C2C07F00DCB585 /* OARequestParameter.m */,
				C6BF948212C2C07F00DCB585 /* OAServiceTicket.h */,
				C6BF948312C2C07F00DCB585 /* OAServiceTicket.m */,
				C6BF948412C2C07F00DCB585 /* OASignatureProviding.h */,
				C6BF948512C2C07F00DCB585 /* OAToken.h */,
				C6BF948612C2C07F00DCB585 /* OAToken.m */,
				C6BF948712C2C07F00DCB585 /* OAToken_KeychainExtensions.h */,
				C6BF948812C2C07F00DCB585 /* OAToken_KeychainExtensions.m */,
				C6BF948912C2C07F00DCB585 /* OAuthConsumer.h */,
			);
			path = oauth;
			sourceTree = "<group>";
		};
		C6BF946A12C2C07F00DCB585 /* Categories */ = {
			isa = PBXGroup;
			children = (
				C6BF946B12C2C07F00DCB585 /* NSMutableURLRequest+Parameters.h */,
				C6BF946C12C2C07F00DCB585 /* NSMutableURLRequest+Parameters.m */,
				C6BF946D12C2C07F00DCB585 /* NSString+URLEncoding.h */,
				C6BF946E12C2C07F00DCB585 /* NSString+URLEncoding.m */,
				C6BF946F12C2C07F00DCB585 /* NSURL+Base.h */,
				C6BF947012C2C07F00DCB585 /* NSURL+Base.m */,
			);
			path = Categories;
			sourceTree = "<group>";
		};
		C6BF947112C2C07F00DCB585 /* Crytpo */ = {
			isa = PBXGroup;
			children = (
				C6BF947212C2C07F00DCB585 /* Base64Transcoder.c */,
				C6BF947312C2C07F00DCB585 /* Base64Transcoder.h */,
			);
			path = Crytpo;
			sourceTree = "<group>";
		};
		C6BF94C812C2C07F00DCB585 /* templateengine */ = {
			isa = PBXGroup;
			children = (
				C6BF94C912C2C07F00DCB585 /* DeepMutableCopy.h */,
				C6BF94CA12C2C07F00DCB585 /* ICUTemplateMatcher.h */,
				C6BF94CB12C2C07F00DCB585 /* ICUTemplateMatcher.m */,
				C6BF94CC12C2C07F00DCB585 /* MGTemplateEngine.h */,
				C6BF94CD12C2C07F00DCB585 /* MGTemplateEngine.m */,
				C6BF94CE12C2C07F00DCB585 /* MGTemplateFilter.h */,
				C6BF94CF12C2C07F00DCB585 /* MGTemplateMarker.h */,
				C6BF94D012C2C07F00DCB585 /* MGTemplateStandardFilters.h */,
				C6BF94D112C2C07F00DCB585 /* MGTemplateStandardFilters.m */,
				C6BF94D212C2C07F00DCB585 /* MGTemplateStandardMarkers.h */,
				C6BF94D312C2C07F00DCB585 /* MGTemplateStandardMarkers.m */,
				C6BF94D412C2C07F00DCB585 /* NSArray_DeepMutableCopy.h */,
				C6BF94D512C2C07F00DCB585 /* NSArray_DeepMutableCopy.m */,
				C6BF94D612C2C07F00DCB585 /* NSDictionary_DeepMutableCopy.h */,
				C6BF94D712C2C07F00DCB585 /* NSDictionary_DeepMutableCopy.m */,
			);
			path = templateengine;
			sourceTree = "<group>";
		};
		C6BF94D812C2C07F00DCB585 /* twitterengine */ = {
			isa = PBXGroup;
			children = (
				C6BF94D912C2C07F00DCB585 /* MGTwitterEngine.h */,
				C6BF94DA12C2C07F00DCB585 /* MGTwitterEngine.m */,
				C6BF94DB12C2C07F00DCB585 /* MGTwitterEngineDelegate.h */,
				C6BF94DC12C2C07F00DCB585 /* MGTwitterEngineGlobalHeader.h */,
				C6BF94DD12C2C07F00DCB585 /* MGTwitterHTTPURLConnection.h */,
				C6BF94DE12C2C07F00DCB585 /* MGTwitterHTTPURLConnection.m */,
				C6BF94DF12C2C07F00DCB585 /* MGTwitterLibXMLParser.h */,
				C6BF94E012C2C07F00DCB585 /* MGTwitterLibXMLParser.m */,
				C6BF94E112C2C07F00DCB585 /* MGTwitterMessagesLibXMLParser.h */,
				C6BF94E212C2C07F00DCB585 /* MGTwitterMessagesLibXMLParser.m */,
				C6BF94E312C2C07F00DCB585 /* MGTwitterMessagesParser.h */,
				C6BF94E412C2C07F00DCB585 /* MGTwitterMessagesParser.m */,
				C6BF94E512C2C07F00DCB585 /* MGTwitterMessagesYAJLParser.h */,
				C6BF94E612C2C07F00DCB585 /* MGTwitterMessagesYAJLParser.m */,
				C6BF94E712C2C07F00DCB585 /* MGTwitterMiscLibXMLParser.h */,
				C6BF94E812C2C07F00DCB585 /* MGTwitterMiscLibXMLParser.m */,
				C6BF94E912C2C07F00DCB585 /* MGTwitterMiscParser.h */,
				C6BF94EA12C2C07F00DCB585 /* MGTwitterMiscParser.m */,
				C6BF94EB12C2C07F00DCB585 /* MGTwitterMiscYAJLParser.h */,
				C6BF94EC12C2C07F00DCB585 /* MGTwitterMiscYAJLParser.m */,
				C6BF94ED12C2C07F00DCB585 /* MGTwitterParserDelegate.h */,
				C6BF94EE12C2C07F00DCB585 /* MGTwitterRequestTypes.h */,
				C6BF94EF12C2C07F00DCB585 /* MGTwitterSearchYAJLParser.h */,
				C6BF94F012C2C07F00DCB585 /* MGTwitterSearchYAJLParser.m */,
				C6BF94F112C2C07F00DCB585 /* MGTwitterSocialGraphLibXMLParser.h */,
				C6BF94F212C2C07F00DCB585 /* MGTwitterSocialGraphLibXMLParser.m */,
				C6BF94F312C2C07F00DCB585 /* MGTwitterSocialGraphParser.h */,
				C6BF94F412C2C07F00DCB585 /* MGTwitterSocialGraphParser.m */,
				C6BF94F512C2C07F00DCB585 /* MGTwitterStatusesLibXMLParser.h */,
				C6BF94F612C2C07F00DCB585 /* MGTwitterStatusesLibXMLParser.m */,
				C6BF94F712C2C07F00DCB585 /* MGTwitterStatusesParser.h */,
				C6BF94F812C2C07F00DCB585 /* MGTwitterStatusesParser.m */,
				C6BF94F912C2C07F00DCB585 /* MGTwitterStatusesYAJLParser.h */,
				C6BF94FA12C2C07F00DCB585 /* MGTwitterStatusesYAJLParser.m */,
				C6BF94FD12C2C07F00DCB585 /* MGTwitterUserListsParser.h */,
				C6BF94FE12C2C07F00DCB585 /* MGTwitterUserListsParser.m */,
				C6BF94FF12C2C07F00DCB585 /* MGTwitterUsersLibXMLParser.h */,
				C6BF950012C2C07F00DCB585 /* MGTwitterUsersLibXMLParser.m */,
				C6BF950112C2C07F00DCB585 /* MGTwitterUsersParser.h */,
				C6BF950212C2C07F00DCB585 /* MGTwitterUsersParser.m */,
				C6BF950312C2C07F00DCB585 /* MGTwitterUsersYAJLParser.h */,
				C6BF950412C2C07F00DCB585 /* MGTwitterUsersYAJLParser.m */,
				C6BF950512C2C07F00DCB585 /* MGTwitterXMLParser.h */,
				C6BF950612C2C07F00DCB585 /* MGTwitterXMLParser.m */,
				C6BF950712C2C07F00DCB585 /* MGTwitterYAJLParser.h */,
				C6BF950812C2C07F00DCB585 /* MGTwitterYAJLParser.m */,
				C6BF950912C2C07F00DCB585 /* NSData+Base64.h */,
				C6BF950A12C2C07F00DCB585 /* NSData+Base64.m */,
				C6BF950B12C2C07F00DCB585 /* NSString+UUID.h */,
				C6BF950C12C2C07F00DCB585 /* NSString+UUID.m */,
			);
			path = twitterengine;
			sourceTree = "<group>";
		};
		C6BF950D12C2C07F00DCB585 /* yajl */ = {
			isa = PBXGroup;
			children = (
				C6BF950E12C2C07F00DCB585 /* api */,
				C6BF951212C2C07F00DCB585 /* yajl.c */,
				C6BF951312C2C07F00DCB585 /* yajl_alloc.c */,
				C6BF951412C2C07F00DCB585 /* yajl_alloc.h */,
				C6BF951512C2C07F00DCB585 /* yajl_buf.c */,
				C6BF951612C2C07F00DCB585 /* yajl_buf.h */,
				C6BF951712C2C07F00DCB585 /* yajl_bytestack.h */,
				C6BF951812C2C07F00DCB585 /* yajl_encode.c */,
				C6BF951912C2C07F00DCB585 /* yajl_encode.h */,
				C6BF951A12C2C07F00DCB585 /* yajl_gen.c */,
				C6BF951B12C2C07F00DCB585 /* yajl_lex.c */,
				C6BF951C12C2C07F00DCB585 /* yajl_lex.h */,
				C6BF951D12C2C07F00DCB585 /* yajl_parser.c */,
				C6BF951E12C2C07F00DCB585 /* yajl_parser.h */,
				C6BF951F12C2C07F00DCB585 /* yajl_version.c */,
			);
			path = yajl;
			sourceTree = "<group>";
		};
		C6BF950E12C2C07F00DCB585 /* api */ = {
			isa = PBXGroup;
			children = (
				C6BF950F12C2C07F00DCB585 /* yajl_common.h */,
				C6BF951012C2C07F00DCB585 /* yajl_gen.h */,
				C6BF951112C2C07F00DCB585 /* yajl_parse.h */,
			);
			path = api;
			sourceTree = "<group>";
		};
		C6BF95D512C2C09400DCB585 /* src */ = {
			isa = PBXGroup;
			children = (
				C6BF95D612C2C09400DCB585 /* CDMArray.h */,
				C6BF95D712C2C09400DCB585 /* CDMArray.m */,
				C6BF95D812C2C09400DCB585 /* CDMCorePlot.h */,
				C6BF95D912C2C09400DCB585 /* CDMCorePlot.m */,
				C6BF95DA12C2C09400DCB585 /* CDMDateTime.h */,
				C6BF95DB12C2C09400DCB585 /* CDMDateTime.m */,
				C6BF95DC12C2C09400DCB585 /* CDMNikeRunAccessors.h */,
				C6BF95DD12C2C09400DCB585 /* CDMNikeSyncer.h */,
				C6BF95DE12C2C09400DCB585 /* CDMNikeSyncer.m */,
				C6BF95DF12C2C09400DCB585 /* CDMNumericLists.h */,
				C6BF95E012C2C09400DCB585 /* CDMNumericLists.m */,
				C6BF95E112C2C09400DCB585 /* CDMPlotLegendCell.h */,
				C6BF95E212C2C09400DCB585 /* CDMPlotLegendCell.m */,
				C6BF95E312C2C09400DCB585 /* CDMPredicateBuilder.h */,
				C6BF95E412C2C09400DCB585 /* CDMPredicateBuilder.m */,
				C6BF95E512C2C09400DCB585 /* CDMRunData.h */,
				C6BF95E612C2C09400DCB585 /* CDMRunData.m */,
				C6BF95E712C2C09400DCB585 /* CDMSecs2MinTransformer.h */,
				C6BF95E812C2C09400DCB585 /* CDMSecs2MinTransformer.m */,
				C6BF95E912C2C09400DCB585 /* CDMTwitter.h */,
				C6BF95EA12C2C09400DCB585 /* CDMTwitter.m */,
				C6BF95EB12C2C09400DCB585 /* CDMTwitterController.h */,
				C6BF95EC12C2C09400DCB585 /* CDMTwitterController.m */,
				C6BF95ED12C2C09400DCB585 /* CDMURLFetcher.h */,
				C6BF95EE12C2C09400DCB585 /* CDMURLFetcher.m */,
				C6BF95EF12C2C09400DCB585 /* CDMXML.h */,
				C6BF95F012C2C09400DCB585 /* CDMXML.m */,
				C6BF95F112C2C09400DCB585 /* RunLogAppDelegate.h */,
				C6BF95F212C2C09400DCB585 /* RunLogAppDelegate.m */,
			);
			path = src;
			sourceTree = "<group>";
		};
/* End PBXGroup section */

/* Begin PBXNativeTarget section */
		C6486E471237F67100C6E29F /* RunLog */ = {
			isa = PBXNativeTarget;
			buildConfigurationList = C6486E611237F67100C6E29F /* Build configuration list for PBXNativeTarget "RunLog" */;
			buildPhases = (
				C6486E441237F67100C6E29F /* Sources */,
				C6486E451237F67100C6E29F /* Frameworks */,
				C6486E461237F67100C6E29F /* Resources */,
				C6486E7E1238229500C6E29F /* CopyFiles */,
			);
			buildRules = (
			);
			dependencies = (
			);
			name = RunLog;
			productName = RunLog;
			productReference = C6486E481237F67100C6E29F /* RunLog.app */;
			productType = "com.apple.product-type.application";
		};
/* End PBXNativeTarget section */

/* Begin PBXProject section */
		C6486E3A1237F67100C6E29F /* Project object */ = {
			isa = PBXProject;
			attributes = {
				ORGANIZATIONNAME = codemanic;
			};
			buildConfigurationList = C6486E3D1237F67100C6E29F /* Build configuration list for PBXProject "RunLog" */;
			compatibilityVersion = "Xcode 3.2";
			developmentRegion = English;
			hasScannedForEncodings = 0;
			knownRegions = (
				en,
			);
			mainGroup = C6486E381237F67100C6E29F;
			productRefGroup = C6486E491237F67100C6E29F /* Products */;
			projectDirPath = "";
			projectRoot = "";
			targets = (
				C6486E471237F67100C6E29F /* RunLog */,
			);
		};
/* End PBXProject section */

/* Begin PBXResourcesBuildPhase section */
		C6486E461237F67100C6E29F /* Resources */ = {
			isa = PBXResourcesBuildPhase;
			buildActionMask = 2147483647;
			files = (
				C6486E511237F67100C6E29F /* InfoPlist.strings in Resources */,
				C6486E561237F67100C6E29F /* MainMenu.xib in Resources */,
				C6486E591237F67100C6E29F /* Credits.rtf in Resources */,
				C6DB7006128F8AF0002EBA91 /* RunLog.icns in Resources */,
				C6DB7008128F98F1002EBA91 /* TwitterBird.icns in Resources */,
				C694EABE128FAF1E0044E479 /* iSync.icns in Resources */,
				C669C2A3129B2DB200AE012A /* tweet.txt in Resources */,
			);
			runOnlyForDeploymentPostprocessing = 0;
		};
/* End PBXResourcesBuildPhase section */

/* Begin PBXSourcesBuildPhase section */
		C6486E441237F67100C6E29F /* Sources */ = {
			isa = PBXSourcesBuildPhase;
			buildActionMask = 2147483647;
			files = (
				C6486E5E1237F67100C6E29F /* RunLogDataModel.xcdatamodel in Sources */,
				C6BF93D212C2C06300DCB585 /* main.m in Sources */,
				C6BF956912C2C08000DCB585 /* NSMutableURLRequest+Parameters.m in Sources */,
				C6BF956A12C2C08000DCB585 /* NSString+URLEncoding.m in Sources */,
				C6BF956B12C2C08000DCB585 /* NSURL+Base.m in Sources */,
				C6BF956C12C2C08000DCB585 /* Base64Transcoder.c in Sources */,
				C6BF956D12C2C08000DCB585 /* OAAsynchronousDataFetcher.m in Sources */,
				C6BF956E12C2C08000DCB585 /* OAConsumer.m in Sources */,
				C6BF956F12C2C08000DCB585 /* OADataFetcher.m in Sources */,
				C6BF957012C2C08000DCB585 /* OAHMAC_SHA1SignatureProvider.m in Sources */,
				C6BF957112C2C08000DCB585 /* OAMutableURLRequest.m in Sources */,
				C6BF957212C2C08000DCB585 /* OAPlaintextSignatureProvider.m in Sources */,
				C6BF957312C2C08000DCB585 /* OARequestParameter.m in Sources */,
				C6BF957412C2C08000DCB585 /* OAServiceTicket.m in Sources */,
				C6BF957512C2C08000DCB585 /* OAToken.m in Sources */,
				C6BF957612C2C08000DCB585 /* OAToken_KeychainExtensions.m in Sources */,
				C6BF95AF12C2C08100DCB585 /* ICUTemplateMatcher.m in Sources */,
				C6BF95B012C2C08100DCB585 /* MGTemplateEngine.m in Sources */,
				C6BF95B112C2C08100DCB585 /* MGTemplateStandardFilters.m in Sources */,
				C6BF95B212C2C08100DCB585 /* MGTemplateStandardMarkers.m in Sources */,
				C6BF95B312C2C08100DCB585 /* NSArray_DeepMutableCopy.m in Sources */,
				C6BF95B412C2C08100DCB585 /* NSDictionary_DeepMutableCopy.m in Sources */,
				C6BF95B512C2C08100DCB585 /* MGTwitterEngine.m in Sources */,
				C6BF95B612C2C08100DCB585 /* MGTwitterHTTPURLConnection.m in Sources */,
				C6BF95B712C2C08100DCB585 /* MGTwitterLibXMLParser.m in Sources */,
				C6BF95B812C2C08100DCB585 /* MGTwitterMessagesLibXMLParser.m in Sources */,
				C6BF95B912C2C08100DCB585 /* MGTwitterMessagesParser.m in Sources */,
				C6BF95BA12C2C08100DCB585 /* MGTwitterMessagesYAJLParser.m in Sources */,
				C6BF95BB12C2C08100DCB585 /* MGTwitterMiscLibXMLParser.m in Sources */,
				C6BF95BC12C2C08100DCB585 /* MGTwitterMiscParser.m in Sources */,
				C6BF95BD12C2C08100DCB585 /* MGTwitterMiscYAJLParser.m in Sources */,
				C6BF95BE12C2C08100DCB585 /* MGTwitterSearchYAJLParser.m in Sources */,
				C6BF95BF12C2C08100DCB585 /* MGTwitterSocialGraphLibXMLParser.m in Sources */,
				C6BF95C012C2C08100DCB585 /* MGTwitterSocialGraphParser.m in Sources */,
				C6BF95C112C2C08100DCB585 /* MGTwitterStatusesLibXMLParser.m in Sources */,
				C6BF95C212C2C08100DCB585 /* MGTwitterStatusesParser.m in Sources */,
				C6BF95C312C2C08100DCB585 /* MGTwitterStatusesYAJLParser.m in Sources */,
				C6BF95C512C2C08100DCB585 /* MGTwitterUserListsParser.m in Sources */,
				C6BF95C612C2C08100DCB585 /* MGTwitterUsersLibXMLParser.m in Sources */,
				C6BF95C712C2C08100DCB585 /* MGTwitterUsersParser.m in Sources */,
				C6BF95C812C2C08100DCB585 /* MGTwitterUsersYAJLParser.m in Sources */,
				C6BF95C912C2C08100DCB585 /* MGTwitterXMLParser.m in Sources */,
				C6BF95CA12C2C08100DCB585 /* MGTwitterYAJLParser.m in Sources */,
				C6BF95CB12C2C08100DCB585 /* NSData+Base64.m in Sources */,
				C6BF95CC12C2C08100DCB585 /* NSString+UUID.m in Sources */,
				C6BF95CD12C2C08100DCB585 /* yajl.c in Sources */,
				C6BF95CE12C2C08100DCB585 /* yajl_alloc.c in Sources */,
				C6BF95CF12C2C08100DCB585 /* yajl_buf.c in Sources */,
				C6BF95D012C2C08100DCB585 /* yajl_encode.c in Sources */,
				C6BF95D112C2C08100DCB585 /* yajl_gen.c in Sources */,
				C6BF95D212C2C08200DCB585 /* yajl_lex.c in Sources */,
				C6BF95D312C2C08200DCB585 /* yajl_parser.c in Sources */,
				C6BF95D412C2C08200DCB585 /* yajl_version.c in Sources */,
				C6BF95F312C2C09400DCB585 /* CDMArray.m in Sources */,
				C6BF95F412C2C09400DCB585 /* CDMCorePlot.m in Sources */,
				C6BF95F512C2C09400DCB585 /* CDMDateTime.m in Sources */,
				C6BF95F612C2C09400DCB585 /* CDMNikeSyncer.m in Sources */,
				C6BF95F712C2C09400DCB585 /* CDMNumericLists.m in Sources */,
				C6BF95F812C2C09400DCB585 /* CDMPlotLegendCell.m in Sources */,
				C6BF95F912C2C09400DCB585 /* CDMPredicateBuilder.m in Sources */,
				C6BF95FA12C2C09400DCB585 /* CDMRunData.m in Sources */,
				C6BF95FB12C2C09400DCB585 /* CDMSecs2MinTransformer.m in Sources */,
				C6BF95FC12C2C09400DCB585 /* CDMTwitter.m in Sources */,
				C6BF95FD12C2C09400DCB585 /* CDMTwitterController.m in Sources */,
				C6BF95FE12C2C09400DCB585 /* CDMURLFetcher.m in Sources */,
				C6BF95FF12C2C09400DCB585 /* CDMXML.m in Sources */,
				C6BF960012C2C09400DCB585 /* RunLogAppDelegate.m in Sources */,
			);
			runOnlyForDeploymentPostprocessing = 0;
		};
/* End PBXSourcesBuildPhase section */

/* Begin PBXVariantGroup section */
		C6486E4F1237F67100C6E29F /* InfoPlist.strings */ = {
			isa = PBXVariantGroup;
			children = (
				C6486E501237F67100C6E29F /* en */,
			);
			name = InfoPlist.strings;
			sourceTree = "<group>";
		};
		C6486E541237F67100C6E29F /* MainMenu.xib */ = {
			isa = PBXVariantGroup;
			children = (
				C6486E551237F67100C6E29F /* en */,
			);
			name = MainMenu.xib;
			sourceTree = "<group>";
		};
		C6486E571237F67100C6E29F /* Credits.rtf */ = {
			isa = PBXVariantGroup;
			children = (
				C6486E581237F67100C6E29F /* en */,
			);
			name = Credits.rtf;
			sourceTree = "<group>";
		};
		C669C2A1129B2DB200AE012A /* tweet.txt */ = {
			isa = PBXVariantGroup;
			children = (
				C669C2A2129B2DB200AE012A /* en */,
			);
			name = tweet.txt;
			sourceTree = "<group>";
		};
/* End PBXVariantGroup section */

/* Begin XCBuildConfiguration section */
		C6486E5F1237F67100C6E29F /* Debug */ = {
			isa = XCBuildConfiguration;
			buildSettings = {
				ARCHS = "$(ARCHS_STANDARD_32_64_BIT)";
				GCC_C_LANGUAGE_STANDARD = gnu99;
				GCC_OPTIMIZATION_LEVEL = 0;
				GCC_PREPROCESSOR_DEFINITIONS = DEBUG;
				GCC_VERSION = com.apple.compilers.llvm.clang.1_0;
				GCC_WARN_ABOUT_RETURN_TYPE = YES;
				GCC_WARN_UNUSED_VARIABLE = YES;
				HEADER_SEARCH_PATHS = /usr/include/libxml2;
				MACOSX_DEPLOYMENT_TARGET = 10.6;
				ONLY_ACTIVE_ARCH = YES;
				PREBINDING = NO;
				SDKROOT = macosx10.6;
			};
			name = Debug;
		};
		C6486E601237F67100C6E29F /* Release */ = {
			isa = XCBuildConfiguration;
			buildSettings = {
				ARCHS = "$(ARCHS_STANDARD_32_64_BIT)";
				GCC_C_LANGUAGE_STANDARD = gnu99;
				GCC_VERSION = com.apple.compilers.llvm.clang.1_0;
				GCC_WARN_ABOUT_RETURN_TYPE = YES;
				GCC_WARN_UNUSED_VARIABLE = YES;
				MACOSX_DEPLOYMENT_TARGET = 10.6;
				PREBINDING = NO;
				SDKROOT = macosx10.6;
			};
			name = Release;
		};
		C6486E621237F67100C6E29F /* Debug */ = {
			isa = XCBuildConfiguration;
			buildSettings = {
				ALWAYS_SEARCH_USER_PATHS = YES;
				ARCHS = "$(ARCHS_STANDARD_64_BIT)";
				COPY_PHASE_STRIP = NO;
				FRAMEWORK_SEARCH_PATHS = (
					"$(inherited)",
					"\"$(SRCROOT)/../../../Library/Frameworks\"",
				);
				GCC_C_LANGUAGE_STANDARD = "compiler-default";
				GCC_DYNAMIC_NO_PIC = NO;
				GCC_ENABLE_OBJC_EXCEPTIONS = YES;
				GCC_MODEL_TUNING = G5;
				GCC_PRECOMPILE_PREFIX_HEADER = YES;
				GCC_PREFIX_HEADER = RunLog_Prefix.pch;
				HEADER_SEARCH_PATHS = (
					/usr/include/libxml2,
					/usr/local/include,
				);
				INFOPLIST_FILE = "RunLog-Info.plist";
				INSTALL_PATH = "$(HOME)/Applications";
				PRODUCT_NAME = RunLog;
				USER_HEADER_SEARCH_PATHS = "/usr/include/libxml2 /usr/local/include /Users/uwe/projects/runlog/RunLog/third_party/yajl/**";
				WRAPPER_EXTENSION = app;
			};
			name = Debug;
		};
		C6486E631237F67100C6E29F /* Release */ = {
			isa = XCBuildConfiguration;
			buildSettings = {
				ALWAYS_SEARCH_USER_PATHS = YES;
				ARCHS = "$(ARCHS_STANDARD_64_BIT)";
				COPY_PHASE_STRIP = YES;
				DEBUG_INFORMATION_FORMAT = "dwarf-with-dsym";
				FRAMEWORK_SEARCH_PATHS = (
					"$(inherited)",
					"\"$(SRCROOT)/../../../Library/Frameworks\"",
				);
				GCC_C_LANGUAGE_STANDARD = "compiler-default";
				GCC_ENABLE_OBJC_EXCEPTIONS = YES;
				GCC_MODEL_TUNING = G5;
				GCC_PRECOMPILE_PREFIX_HEADER = YES;
				GCC_PREFIX_HEADER = RunLog_Prefix.pch;
				HEADER_SEARCH_PATHS = (
					/usr/include/libxml2,
					/usr/local/include,
				);
				INFOPLIST_FILE = "RunLog-Info.plist";
				INSTALL_PATH = "$(HOME)/Applications";
				PRODUCT_NAME = RunLog;
				USER_HEADER_SEARCH_PATHS = "/usr/include/libxml2 /usr/local/include /Users/uwe/projects/runlog/RunLog/third_party/yajl/**";
				WRAPPER_EXTENSION = app;
			};
			name = Release;
		};
/* End XCBuildConfiguration section */

/* Begin XCConfigurationList section */
		C6486E3D1237F67100C6E29F /* Build configuration list for PBXProject "RunLog" */ = {
			isa = XCConfigurationList;
			buildConfigurations = (
				C6486E5F1237F67100C6E29F /* Debug */,
				C6486E601237F67100C6E29F /* Release */,
			);
			defaultConfigurationIsVisible = 0;
			defaultConfigurationName = Release;
		};
		C6486E611237F67100C6E29F /* Build configuration list for PBXNativeTarget "RunLog" */ = {
			isa = XCConfigurationList;
			buildConfigurations = (
				C6486E621237F67100C6E29F /* Debug */,
				C6486E631237F67100C6E29F /* Release */,
			);
			defaultConfigurationIsVisible = 0;
			defaultConfigurationName = Release;
		};
/* End XCConfigurationList section */
	};
	rootObject = C6486E3A1237F67100C6E29F /* Project object */;
}
